
Microsoft Visual Studio Solution File, Format Version 12.00
# Visual Studio 15
VisualStudioVersion = 15.0.28307.1259
MinimumVisualStudioVersion = 10.0.40219.1
Project("{FAE04EC0-301F-11D3-BF4B-00C04F79EFBC}") = "CTBC.CSFS", "CTBC.CSFS\CTBC.CSFS.csproj", "{222D6B2C-1224-44DB-A99F-EF4F3FED9782}"
EndProject
Project("{FAE04EC0-301F-11D3-BF4B-00C04F79EFBC}") = "CTBC.Framework.Platform", "CTBC.Framework.Platform\CTBC.Framework.Platform.csproj", "{C6FE88D5-936D-449F-A24C-CE006EBE3474}"
EndProject
Project("{FAE04EC0-301F-11D3-BF4B-00C04F79EFBC}") = "CTBC.CSFS.Pattern", "CTBC.CSFS.Pattern\CTBC.CSFS.Pattern.csproj", "{0E078A06-8E4B-40A8-8F0B-625E854452AD}"
EndProject
Project("{FAE04EC0-301F-11D3-BF4B-00C04F79EFBC}") = "CTBC.CSFS.Resource", "CTBC.CSFS.Resource\CTBC.CSFS.Resource.csproj", "{B26FC559-FF34-42FE-BB98-2BFF855B3A2C}"
EndProject
Project("{FAE04EC0-301F-11D3-BF4B-00C04F79EFBC}") = "CTBC.CSFS.Models", "CTBC.CSFS.Models\CTBC.CSFS.Models.csproj", "{DE6758E5-4029-466B-841B-69C5DEEBB530}"
EndProject
Project("{FAE04EC0-301F-11D3-BF4B-00C04F79EFBC}") = "CTBC.Framework.Util", "CTBC.Framework.Util\CTBC.Framework.Util.csproj", "{36A819BB-7F0A-408C-9E36-9BFEFDFD2278}"
EndProject
Project("{FAE04EC0-301F-11D3-BF4B-00C04F79EFBC}") = "CTBC.CSFS.Service.WebLog", "CTBC.CSFS.Service.WebLog\CTBC.CSFS.Service.WebLog.csproj", "{23BD816C-1FCC-4E5A-BF77-5F77B2A27879}"
EndProject
Project("{FAE04EC0-301F-11D3-BF4B-00C04F79EFBC}") = "CTBC.FrameWork.Paging", "CTBC.Framework.Paging\CTBC.FrameWork.Paging.csproj", "{74D256C5-2789-457A-9587-CD95D54DAF88}"
EndProject
Project("{2150E333-8FDC-42A3-9474-1A3956D46DE8}") = "CTBC.Framework", "CTBC.Framework", "{6E1E511D-9BAC-47B8-B8B6-D73AAB426DB4}"
EndProject
Project("{2150E333-8FDC-42A3-9474-1A3956D46DE8}") = "CTBC.Web", "CTBC.Web", "{4B5884B3-DF70-4E9B-B2AC-E538C73B982A}"
EndProject
Project("{FAE04EC0-301F-11D3-BF4B-00C04F79EFBC}") = "CTBC.CSFS.ViewModels", "CTBC.CSFS.ViewModels\CTBC.CSFS.ViewModels.csproj", "{D8CE84F3-5C1C-429A-9166-535DA8DA036B}"
EndProject
Project("{FAE04EC0-301F-11D3-BF4B-00C04F79EFBC}") = "CTBC.CSFS.BussinessLogic", "CTBC.CSFS.BussinessLogic\CTBC.CSFS.BussinessLogic.csproj", "{567E7007-7B4A-499B-84D6-D11742B240A4}"
EndProject
Project("{FAE04EC0-301F-11D3-BF4B-00C04F79EFBC}") = "CTBC.FrameWork.ESB", "CTBC.FrameWork.ESB\CTBC.FrameWork.ESB.csproj", "{136752CE-91B9-4431-9A12-5868048B4985}"
EndProject
Project("{2150E333-8FDC-42A3-9474-1A3956D46DE8}") = "CTBC.Batch", "CTBC.Batch", "{7DBE5D81-A3F4-44E2-AB81-E237D9DCC17F}"
EndProject
Project("{FAE04EC0-301F-11D3-BF4B-00C04F79EFBC}") = "CTBC.CSFS.LDAPDataImport", "CTBC.CSFS.LDAPDataImport\CTBC.CSFS.LDAPDataImport.csproj", "{3253520D-7D86-4D51-8D27-6C1B26C0D0D2}"
EndProject
Project("{FAE04EC0-301F-11D3-BF4B-00C04F79EFBC}") = "CTBC.CSFS.ScheduleService", "CTBC.CSFS.ScheduleService\CTBC.CSFS.ScheduleService.csproj", "{E1C000C4-B2E9-4C74-B3E2-6D6171E36FCF}"
EndProject
Project("{FAE04EC0-301F-11D3-BF4B-00C04F79EFBC}") = "CTCB.NUMS.Batch.LDAPSync", "CTCB.NUMS.Batch.LDAPSync\CTCB.NUMS.Batch.LDAPSync.csproj", "{FC419CCB-4FF5-47B4-A568-8B167DC9E7B3}"
EndProject
Project("{FAE04EC0-301F-11D3-BF4B-00C04F79EFBC}") = "EncryptAppConfig", "CTCB.NUMS.Batch.EncryptAppConfig\EncryptAppConfig\EncryptAppConfig.csproj", "{D5F646DA-FDC2-4D15-A52D-D63F0B4ECAF0}"
EndProject
Project("{FAE04EC0-301F-11D3-BF4B-00C04F79EFBC}") = "EncrpytWebConfig", "CTCB.NUMS.Batch.EncryptAppConfig\EncrpytWebConfig\EncrpytWebConfig.csproj", "{34E10514-ACD7-415B-88B6-174D8A8CD7DD}"
EndProject
Project("{FAE04EC0-301F-11D3-BF4B-00C04F79EFBC}") = "CTCB.NUMS.ConfigEncrypt", "CTCB.NUMS.Batch.EncryptAppConfig\CTCB.NUMS.ConfigEncrypt\CTCB.NUMS.ConfigEncrypt.csproj", "{5648DC06-3108-4582-9809-B7EA7C37B99F}"
EndProject
Project("{FAE04EC0-301F-11D3-BF4B-00C04F79EFBC}") = "CTBC.CSFS.APLOG", "CTBC.CSFS.APLOG\CTBC.CSFS.APLOG.csproj", "{2C1DF80A-BA67-4AF4-A275-5C542C21F62D}"
EndProject
Project("{FAE04EC0-301F-11D3-BF4B-00C04F79EFBC}") = "CTBC.WinExe.SendEDoc", "CTBC.WinExe.SendEDoc\CTBC.WinExe.SendEDoc.csproj", "{44E4CF27-E99E-4DA2-B2F4-1769A3DE4244}"
EndProject
Project("{FAE04EC0-301F-11D3-BF4B-00C04F79EFBC}") = "CTBC.WinExe.FTPupdown", "CTBC.WinExe.FTPupdown\CTBC.WinExe.FTPupdown.csproj", "{2F434A31-C077-4A3A-BEF8-EE23E88780E4}"
EndProject
Project("{FAE04EC0-301F-11D3-BF4B-00C04F79EFBC}") = "CTCB.NUMS.Library.HTG", "CTCB.NUMS.Library.HTG\CTCB.NUMS.Library.HTG.csproj", "{E66AB35D-2B77-4001-9C68-5270C26BA431}"
EndProject
Project("{FAE04EC0-301F-11D3-BF4B-00C04F79EFBC}") = "CTBC.WinExe.CSFS.ESB", "CTBC.WinExe.CSFS.ESB\CTBC.WinExe.CSFS.ESB.csproj", "{1AABCC35-E8A5-4371-A0EE-B47F95946231}"
EndProject
Project("{FAE04EC0-301F-11D3-BF4B-00C04F79EFBC}") = "CTBC.WinExe.CSFS.FTPupload", "CTBC.WinExe.CSFS.FTPupload\CTBC.WinExe.CSFS.FTPupload.csproj", "{D3532909-285E-4B5D-9219-3CCF321A60F5}"
EndProject
Project("{FAE04EC0-301F-11D3-BF4B-00C04F79EFBC}") = "CTBC.WinExe.CSFS.FTPdown", "CTBC.WinExe.CSFS.FTPdown\CTBC.WinExe.CSFS.FTPdown.csproj", "{711265A5-F5DA-4E56-871F-0A5B4C0949B8}"
EndProject
Project("{FAE04EC0-301F-11D3-BF4B-00C04F79EFBC}") = "CTBC.WinExe.CSFS.HTG", "CTBC.WinExe.CSFS.HTG\CTBC.WinExe.CSFS.HTG.csproj", "{109E10D7-4E2E-4B51-BBFD-74F6900D456B}"
EndProject
Project("{FAE04EC0-301F-11D3-BF4B-00C04F79EFBC}") = "CTBC.WinExe.CSFS.QueryHTG", "CTBC.WinExe.CSFS.QueryHTG\CTBC.WinExe.CSFS.QueryHTG.csproj", "{3DF8C75B-7CA3-48E8-AFC2-8CE27E8A6BE2}"
EndProject
Project("{FAE04EC0-301F-11D3-BF4B-00C04F79EFBC}") = "CTBC.WinExe.CSFS.QueryRFDM", "CTBC.WinExe.CSFS.QueryRFDM\CTBC.WinExe.CSFS.QueryRFDM.csproj", "{C872AB41-AB9A-4F5F-878F-1CCF380D13C2}"
EndProject
Project("{FAE04EC0-301F-11D3-BF4B-00C04F79EFBC}") = "CTBC.WinExe.CSFS.resolvingRFDM", "CTBC.WinExe.CSFS.resolvingRFDM\CTBC.WinExe.CSFS.resolvingRFDM.csproj", "{80F1B4C8-62F8-44C7-9EEC-ECE2523E1C44}"
EndProject
Project("{FAE04EC0-301F-11D3-BF4B-00C04F79EFBC}") = "CTBC.WinExe.CSFS.ReturnFile", "CTBC.WinExe.CSFS.ReturnFile\CTBC.WinExe.CSFS.ReturnFile.csproj", "{D0F9B870-7E16-4977-A4F3-3FD02E3788D2}"
EndProject
Project("{FAE04EC0-301F-11D3-BF4B-00C04F79EFBC}") = "CTBC.WinSerivce.CSFS.Batch", "CTBC.WinSerivce.CSFS.Batch\CTBC.WinSerivce.CSFS.Batch.csproj", "{B751CB55-8988-4B37-B883-53AA33682AFF}"
EndProject
Project("{FAE04EC0-301F-11D3-BF4B-00C04F79EFBC}") = "CTBC.CSFS.RPALDAPDataImport", "CTBC.CSFS.RPALDAPDataImport\CTBC.CSFS.RPALDAPDataImport.csproj", "{8EBD4773-F45D-4F0F-A8E8-7E3AC1E25FD0}"
EndProject
Project("{FAE04EC0-301F-11D3-BF4B-00C04F79EFBC}") = "CTBC.WinExe.AutoCancel", "CTBC.WinExe.AutoCancel\CTBC.WinExe.AutoCancel.csproj", "{33661185-E3F3-49CD-A66F-1C623C8CFF37}"
EndProject
Project("{FAE04EC0-301F-11D3-BF4B-00C04F79EFBC}") = "CTBC.WinExe.GetRate", "CTBC.WinExe.GetRate\CTBC.WinExe.GetRate.csproj", "{B6AD7173-3799-426C-8E3D-65807A35D234}"
EndProject
Project("{FAE04EC0-301F-11D3-BF4B-00C04F79EFBC}") = "CTBC.WinExe.AutoCancelService", "CTBC.WinExe.AutoCancelService\CTBC.WinExe.AutoCancelService.csproj", "{67EA671D-3DB7-40D2-A397-25352D0AB5D2}"
EndProject
Project("{FAE04EC0-301F-11D3-BF4B-00C04F79EFBC}") = "CTBC.WinExe.AutoSeizure", "CTBC.WinExe.AutoSeizure\CTBC.WinExe.AutoSeizure.csproj", "{D0967411-5978-4A61-B147-4F5C0E24854E}"
EndProject
Project("{FAE04EC0-301F-11D3-BF4B-00C04F79EFBC}") = "CTBC.WinExe.AutoSeizureService", "CTBC.WinExe.AutoSeizureService\CTBC.WinExe.AutoSeizureService.csproj", "{EE24067B-EAED-4C35-B0F8-A02F8FA514C1}"
EndProject
Project("{FAE04EC0-301F-11D3-BF4B-00C04F79EFBC}") = "CTBC.WinExe.ExecuteHTG", "CTBC.WinExe.ExecuteHTG\CTBC.WinExe.ExecuteHTG.csproj", "{FB73AFEF-311C-4953-8747-FA3BF503C8F9}"
EndProject
Project("{FAE04EC0-301F-11D3-BF4B-00C04F79EFBC}") = "CTBC.WinExe.ExecuteHTGService", "CTBC.WinExe.ExecuteHTGService\CTBC.WinExe.ExecuteHTGService.csproj", "{7CBBEA34-FF6E-4B80-9C5D-CC9ACEEE56A1}"
EndProject
Project("{FAE04EC0-301F-11D3-BF4B-00C04F79EFBC}") = "CTBC.FrameWork.HTG", "CTBC.FrameWork.HTG\CTBC.FrameWork.HTG.csproj", "{C27F66DE-5FA5-4E4A-8FCF-D6928AEABC0F}"
EndProject
Project("{FAE04EC0-301F-11D3-BF4B-00C04F79EFBC}") = "CTBC.CSFS.CSFStoLAMS", "CTBC.CSFS.CSFStoLAMS\CTBC.CSFS.CSFStoLAMS.csproj", "{946AA71A-AB60-4692-81EE-4AE2D02B176C}"
EndProject
Project("{FAE04EC0-301F-11D3-BF4B-00C04F79EFBC}") = "CTBC.WinExe.SendRMEmail", "CTBC.WinExe.SendRMEmail\CTBC.WinExe.SendRMEmail.csproj", "{C547C9A9-F57A-4317-8FC7-9907099CBBA5}"
EndProject
Project("{FAE04EC0-301F-11D3-BF4B-00C04F79EFBC}") = "CTBC.WinExe.CSFS.FTPdownATM", "CTBC.WinExe.CSFS.FTPdownATM\CTBC.WinExe.CSFS.FTPdownATM.csproj", "{4789EDFB-3830-45F1-BA1E-D1CF0073F67D}"
EndProject
Project("{FAE04EC0-301F-11D3-BF4B-00C04F79EFBC}") = "CTBC.WinExe.ImportEDocClear", "CTBC.WinExe.ImportEDocClear\CTBC.WinExe.ImportEDocClear.csproj", "{CD8F65AE-8444-475A-AACB-F2580B51231F}"
EndProject
Project("{FAE04EC0-301F-11D3-BF4B-00C04F79EFBC}") = "CTBC.WinExe.CSFS.resolvingESB", "CTBC.WinExe.CSFS.resolvingESB\CTBC.WinExe.CSFS.resolvingESB.csproj", "{82D2CED6-F4EB-49FD-8894-4A1F4FF0A6B4}"
EndProject
Project("{FAE04EC0-301F-11D3-BF4B-00C04F79EFBC}") = "CTBC.CSFS.WebService", "CTBC.CSFS.WebService\CTBC.CSFS.WebService\CTBC.CSFS.WebService.csproj", "{D9AC2743-1211-4453-8692-AC67B58F8DDA}"
EndProject
Project("{FAE04EC0-301F-11D3-BF4B-00C04F79EFBC}") = "CTBC.WinExe.GetEOS", "CTBC.WinExe.GetEOS\CTBC.WinExe.GetEOS.csproj", "{93BC7CEE-38B3-4E3F-84F2-33C02278FCA3}"
EndProject
Project("{FAE04EC0-301F-11D3-BF4B-00C04F79EFBC}") = "CTBC.WinExe.ImportWarning", "CTBC.WinExe.ImportWarning\CTBC.WinExe.ImportWarning.csproj", "{57A4F286-9431-4586-8AF5-0DE9C9FC169D}"
EndProject
Project("{FAE04EC0-301F-11D3-BF4B-00C04F79EFBC}") = "CTBC.WinExe.ImportGSSDoc", "CTBC.WinExe.ImportGSSDoc\CTBC.WinExe.ImportGSSDoc.csproj", "{BCAD9914-232A-43B9-97F6-9B93FC8095CF}"
EndProject
Project("{FAE04EC0-301F-11D3-BF4B-00C04F79EFBC}") = "CTBC.WinExe.SendGSSDoc", "CTBC.WinExe.SendGSSDoc\CTBC.WinExe.SendGSSDoc.csproj", "{CD945B2F-5F18-4120-B894-759CB2BAABB8}"
EndProject
Project("{FAE04EC0-301F-11D3-BF4B-00C04F79EFBC}") = "CTBC.WinExe.CSFS.HistoryESB", "CTBC.WinExe.CSFS.HistoryESB\CTBC.WinExe.CSFS.HistoryESB.csproj", "{0614FEE5-1BA2-4A3C-9550-027061F676AA}"
EndProject
Project("{FAE04EC0-301F-11D3-BF4B-00C04F79EFBC}") = "CTBC.WinExe.CSFS.HistoryFile", "CTBC.WinExe.CSFS.HistoryFile\CTBC.WinExe.CSFS.HistoryFile.csproj", "{D4461A40-A032-4EC8-A557-F40A0089141B}"
EndProject
Project("{FAE04EC0-301F-11D3-BF4B-00C04F79EFBC}") = "CTBC.WinExe.CSFS.HistoryHTG", "CTBC.WinExe.CSFS.HistoryHTG\CTBC.WinExe.CSFS.HistoryHTG.csproj", "{CE710D1E-194E-4C1C-B0DD-7CBBCCB8FA4B}"
EndProject
Project("{FAE04EC0-301F-11D3-BF4B-00C04F79EFBC}") = "CTBC.WinExe.CSFS.HistoryRFDM", "CTBC.WinExe.CSFS.HistoryRFDM\CTBC.WinExe.CSFS.HistoryRFDM.csproj", "{5DA8247E-FC5F-461D-9C67-735447C09C1F}"
EndProject
Project("{FAE04EC0-301F-11D3-BF4B-00C04F79EFBC}") = "CTBC.WinExe.AutoPay", "CTBC.WinExe.AutoPay\CTBC.WinExe.AutoPay.csproj", "{0CFF8BC0-AE73-4532-AE79-923EC80F0B60}"
EndProject
Project("{FAE04EC0-301F-11D3-BF4B-00C04F79EFBC}") = "CTBC.WinExe.ImportEDocALL", "CTBC.WinExe.ImportEDocALL\CTBC.WinExe.ImportEDocALL.csproj", "{19302F68-9C61-4AD2-A8A8-A23A2FF04B18}"
EndProject
Project("{FAE04EC0-301F-11D3-BF4B-00C04F79EFBC}") = "CTBC.WinExe.AutoPayService", "CTBC.WinExe.AutoPayService\CTBC.WinExe.AutoPayService.csproj", "{2EB0D57A-27F7-4C5F-A542-DD2CE053E2C5}"
EndProject
Project("{FAE04EC0-301F-11D3-BF4B-00C04F79EFBC}") = "CTBC.CSFS.BackupHistory", "CTBC.CSFS.BackupHistory\CTBC.CSFS.BackupHistory.csproj", "{D5416647-E251-4B3F-B821-833C106B0353}"
EndProject
Project("{FAE04EC0-301F-11D3-BF4B-00C04F79EFBC}") = "CTBC.CSFS.BackupHistoryFile", "CTBC.CSFS.BackupHistoryFile\CTBC.CSFS.BackupHistoryFile.csproj", "{5ABED683-B746-4769-9384-01C3D88BB72D}"
EndProject
Project("{FAE04EC0-301F-11D3-BF4B-00C04F79EFBC}") = "CTBC.WinExe.ImportDeath", "CTBC.WinExe.ImportDeath\CTBC.WinExe.ImportDeath.csproj", "{1B53EBF7-B564-480A-9767-8569BC39757C}"
EndProject
Project("{FAE04EC0-301F-11D3-BF4B-00C04F79EFBC}") = "CTBC.WinExe.DeathQuerySetting", "CTBC.WinExe.DeathQuerySetting\CTBC.WinExe.DeathQuerySetting.csproj", "{E082F4D8-8224-420F-AF0B-656254B20EB6}"
EndProject
Project("{FAE04EC0-301F-11D3-BF4B-00C04F79EFBC}") = "CTBC.WinExe.DeathBRCISettingESB", "CTBC.WinExe.DeathBRCISettingESB\CTBC.WinExe.DeathBRCISettingESB.csproj", "{1A76F3DA-DD58-4C5D-BFC4-4EF7794562E0}"
EndProject
Project("{FAE04EC0-301F-11D3-BF4B-00C04F79EFBC}") = "CTBC.WinExe.CaseCust.Import", "CTBC.WinExe.CaseCust.Import\CTBC.WinExe.CaseCust.Import.csproj", "{4F181D5C-4735-4C5E-AF59-FD0BE1A2CBAC}"
EndProject
Project("{FAE04EC0-301F-11D3-BF4B-00C04F79EFBC}") = "CTBC.WinExe.CaseCustESB", "CTBC.WinExe.CaseCustESB\CTBC.WinExe.CaseCustESB.csproj", "{EE185E05-6E6F-4C36-97DD-9B3536104F7D}"
EndProject
Project("{FAE04EC0-301F-11D3-BF4B-00C04F79EFBC}") = "CTBC.WinExe.CaseCustFtpDownATM", "CTBC.WinExe.CaseCustFtpDownATM\CTBC.WinExe.CaseCustFtpDownATM.csproj", "{2C57F89F-E193-485A-A041-3C84DE3BCCE7}"
EndProject
Project("{FAE04EC0-301F-11D3-BF4B-00C04F79EFBC}") = "CTBC.WinExe.CaseCustHTG", "CTBC.WinExe.CaseCustHTG\CTBC.WinExe.CaseCustHTG.csproj", "{0A0EDA18-C473-4022-9F0A-42E30F79185B}"
EndProject
Project("{FAE04EC0-301F-11D3-BF4B-00C04F79EFBC}") = "CTBC.WinExe.CaseCustResolvingRFDM", "CTBC.WinExe.CaseCustResolvingRFDM\CTBC.WinExe.CaseCustResolvingRFDM.csproj", "{D807943E-E2D9-453C-BAA8-216EDADCC0E2}"
EndProject
Project("{FAE04EC0-301F-11D3-BF4B-00C04F79EFBC}") = "CTBC.WinExe.CaseCustReturnFile", "CTBC.WinExe.CaseCustReturnFile\CTBC.WinExe.CaseCustReturnFile.csproj", "{CF67DFC2-23ED-4F3A-AB4E-11164DD25941}"
EndProject
Project("{FAE04EC0-301F-11D3-BF4B-00C04F79EFBC}") = "CTBC.WinExe.CaseCustSBox", "CTBC.WinExe.CaseCustSBox\CTBC.WinExe.CaseCustSBox.csproj", "{C31EF975-05E7-4A2C-B5A7-A1F37B6BB8ED}"
EndProject
Project("{FAE04EC0-301F-11D3-BF4B-00C04F79EFBC}") = "CTCB.APLog", "CTCB.APLog\CTCB.APLog.csproj", "{B250979E-0B52-42AD-9008-2FF131491FB5}"
EndProject
Project("{FAE04EC0-301F-11D3-BF4B-00C04F79EFBC}") = "CTBC.WinExe.WarningQuerySetting", "CTBC.WinExe.WarningQuerySetting\CTBC.WinExe.WarningQuerySetting.csproj", "{F117819D-8948-4D58-A60C-3A13FEA2805E}"
EndProject
Project("{FAE04EC0-301F-11D3-BF4B-00C04F79EFBC}") = "CTBC.WinExe.WarningReturnFile", "CTBC.WinExe.WarningReturnFile\CTBC.WinExe.WarningReturnFile.csproj", "{56190144-0843-45E3-9D32-74F40436C33E}"
EndProject
Project("{FAE04EC0-301F-11D3-BF4B-00C04F79EFBC}") = "CTBC.WinExe.WarningQuerySettingService", "CTBC.WinExe.WarningQuerySettingService\CTBC.WinExe.WarningQuerySettingService.csproj", "{1150F0B1-88E2-42CF-8708-5D5D6EFF2A53}"
EndProject
Project("{FAE04EC0-301F-11D3-BF4B-00C04F79EFBC}") = "CTBC.WinExe.CSFS.NewHistoryFile", "CTBC.WinExe.CSFS.NewHistoryFile\CTBC.WinExe.CSFS.NewHistoryFile.csproj", "{294C252C-4867-445A-80E5-22BE21822CD0}"
EndProject
Global
	GlobalSection(SolutionConfigurationPlatforms) = preSolution
		Debug|Any CPU = Debug|Any CPU
		Debug|Mixed Platforms = Debug|Mixed Platforms
		Debug|x86 = Debug|x86
		Release|Any CPU = Release|Any CPU
		Release|Mixed Platforms = Release|Mixed Platforms
		Release|x86 = Release|x86
	EndGlobalSection
	GlobalSection(ProjectConfigurationPlatforms) = postSolution
		{222D6B2C-1224-44DB-A99F-EF4F3FED9782}.Debug|Any CPU.ActiveCfg = Debug|Any CPU
		{222D6B2C-1224-44DB-A99F-EF4F3FED9782}.Debug|Any CPU.Build.0 = Debug|Any CPU
		{222D6B2C-1224-44DB-A99F-EF4F3FED9782}.Debug|Mixed Platforms.ActiveCfg = Debug|Any CPU
		{222D6B2C-1224-44DB-A99F-EF4F3FED9782}.Debug|Mixed Platforms.Build.0 = Debug|Any CPU
		{222D6B2C-1224-44DB-A99F-EF4F3FED9782}.Debug|x86.ActiveCfg = Debug|Any CPU
		{222D6B2C-1224-44DB-A99F-EF4F3FED9782}.Release|Any CPU.ActiveCfg = Release|Any CPU
		{222D6B2C-1224-44DB-A99F-EF4F3FED9782}.Release|Any CPU.Build.0 = Release|Any CPU
		{222D6B2C-1224-44DB-A99F-EF4F3FED9782}.Release|Mixed Platforms.ActiveCfg = Release|Any CPU
		{222D6B2C-1224-44DB-A99F-EF4F3FED9782}.Release|Mixed Platforms.Build.0 = Release|Any CPU
		{222D6B2C-1224-44DB-A99F-EF4F3FED9782}.Release|x86.ActiveCfg = Release|Any CPU
		{C6FE88D5-936D-449F-A24C-CE006EBE3474}.Debug|Any CPU.ActiveCfg = Debug|Any CPU
		{C6FE88D5-936D-449F-A24C-CE006EBE3474}.Debug|Any CPU.Build.0 = Debug|Any CPU
		{C6FE88D5-936D-449F-A24C-CE006EBE3474}.Debug|Mixed Platforms.ActiveCfg = Debug|Any CPU
		{C6FE88D5-936D-449F-A24C-CE006EBE3474}.Debug|Mixed Platforms.Build.0 = Debug|Any CPU
		{C6FE88D5-936D-449F-A24C-CE006EBE3474}.Debug|x86.ActiveCfg = Debug|Any CPU
		{C6FE88D5-936D-449F-A24C-CE006EBE3474}.Release|Any CPU.ActiveCfg = Release|Any CPU
		{C6FE88D5-936D-449F-A24C-CE006EBE3474}.Release|Any CPU.Build.0 = Release|Any CPU
		{C6FE88D5-936D-449F-A24C-CE006EBE3474}.Release|Mixed Platforms.ActiveCfg = Release|Any CPU
		{C6FE88D5-936D-449F-A24C-CE006EBE3474}.Release|Mixed Platforms.Build.0 = Release|Any CPU
		{C6FE88D5-936D-449F-A24C-CE006EBE3474}.Release|x86.ActiveCfg = Release|Any CPU
		{0E078A06-8E4B-40A8-8F0B-625E854452AD}.Debug|Any CPU.ActiveCfg = Debug|Any CPU
		{0E078A06-8E4B-40A8-8F0B-625E854452AD}.Debug|Any CPU.Build.0 = Debug|Any CPU
		{0E078A06-8E4B-40A8-8F0B-625E854452AD}.Debug|Mixed Platforms.ActiveCfg = Debug|Any CPU
		{0E078A06-8E4B-40A8-8F0B-625E854452AD}.Debug|Mixed Platforms.Build.0 = Debug|Any CPU
		{0E078A06-8E4B-40A8-8F0B-625E854452AD}.Debug|x86.ActiveCfg = Debug|Any CPU
		{0E078A06-8E4B-40A8-8F0B-625E854452AD}.Release|Any CPU.ActiveCfg = Release|Any CPU
		{0E078A06-8E4B-40A8-8F0B-625E854452AD}.Release|Any CPU.Build.0 = Release|Any CPU
		{0E078A06-8E4B-40A8-8F0B-625E854452AD}.Release|Mixed Platforms.ActiveCfg = Release|Any CPU
		{0E078A06-8E4B-40A8-8F0B-625E854452AD}.Release|Mixed Platforms.Build.0 = Release|Any CPU
		{0E078A06-8E4B-40A8-8F0B-625E854452AD}.Release|x86.ActiveCfg = Release|Any CPU
		{B26FC559-FF34-42FE-BB98-2BFF855B3A2C}.Debug|Any CPU.ActiveCfg = Debug|Any CPU
		{B26FC559-FF34-42FE-BB98-2BFF855B3A2C}.Debug|Any CPU.Build.0 = Debug|Any CPU
		{B26FC559-FF34-42FE-BB98-2BFF855B3A2C}.Debug|Mixed Platforms.ActiveCfg = Debug|Any CPU
		{B26FC559-FF34-42FE-BB98-2BFF855B3A2C}.Debug|Mixed Platforms.Build.0 = Debug|Any CPU
		{B26FC559-FF34-42FE-BB98-2BFF855B3A2C}.Debug|x86.ActiveCfg = Debug|Any CPU
		{B26FC559-FF34-42FE-BB98-2BFF855B3A2C}.Release|Any CPU.ActiveCfg = Release|Any CPU
		{B26FC559-FF34-42FE-BB98-2BFF855B3A2C}.Release|Any CPU.Build.0 = Release|Any CPU
		{B26FC559-FF34-42FE-BB98-2BFF855B3A2C}.Release|Mixed Platforms.ActiveCfg = Release|Any CPU
		{B26FC559-FF34-42FE-BB98-2BFF855B3A2C}.Release|Mixed Platforms.Build.0 = Release|Any CPU
		{B26FC559-FF34-42FE-BB98-2BFF855B3A2C}.Release|x86.ActiveCfg = Release|Any CPU
		{DE6758E5-4029-466B-841B-69C5DEEBB530}.Debug|Any CPU.ActiveCfg = Debug|Any CPU
		{DE6758E5-4029-466B-841B-69C5DEEBB530}.Debug|Any CPU.Build.0 = Debug|Any CPU
		{DE6758E5-4029-466B-841B-69C5DEEBB530}.Debug|Mixed Platforms.ActiveCfg = Debug|Any CPU
		{DE6758E5-4029-466B-841B-69C5DEEBB530}.Debug|Mixed Platforms.Build.0 = Debug|Any CPU
		{DE6758E5-4029-466B-841B-69C5DEEBB530}.Debug|x86.ActiveCfg = Debug|Any CPU
		{DE6758E5-4029-466B-841B-69C5DEEBB530}.Release|Any CPU.ActiveCfg = Release|Any CPU
		{DE6758E5-4029-466B-841B-69C5DEEBB530}.Release|Any CPU.Build.0 = Release|Any CPU
		{DE6758E5-4029-466B-841B-69C5DEEBB530}.Release|Mixed Platforms.ActiveCfg = Release|Any CPU
		{DE6758E5-4029-466B-841B-69C5DEEBB530}.Release|Mixed Platforms.Build.0 = Release|Any CPU
		{DE6758E5-4029-466B-841B-69C5DEEBB530}.Release|x86.ActiveCfg = Release|Any CPU
		{36A819BB-7F0A-408C-9E36-9BFEFDFD2278}.Debug|Any CPU.ActiveCfg = Debug|Any CPU
		{36A819BB-7F0A-408C-9E36-9BFEFDFD2278}.Debug|Any CPU.Build.0 = Debug|Any CPU
		{36A819BB-7F0A-408C-9E36-9BFEFDFD2278}.Debug|Mixed Platforms.ActiveCfg = Debug|Any CPU
		{36A819BB-7F0A-408C-9E36-9BFEFDFD2278}.Debug|Mixed Platforms.Build.0 = Debug|Any CPU
		{36A819BB-7F0A-408C-9E36-9BFEFDFD2278}.Debug|x86.ActiveCfg = Debug|Any CPU
		{36A819BB-7F0A-408C-9E36-9BFEFDFD2278}.Release|Any CPU.ActiveCfg = Release|Any CPU
		{36A819BB-7F0A-408C-9E36-9BFEFDFD2278}.Release|Any CPU.Build.0 = Release|Any CPU
		{36A819BB-7F0A-408C-9E36-9BFEFDFD2278}.Release|Mixed Platforms.ActiveCfg = Release|Any CPU
		{36A819BB-7F0A-408C-9E36-9BFEFDFD2278}.Release|Mixed Platforms.Build.0 = Release|Any CPU
		{36A819BB-7F0A-408C-9E36-9BFEFDFD2278}.Release|x86.ActiveCfg = Release|Any CPU
		{23BD816C-1FCC-4E5A-BF77-5F77B2A27879}.Debug|Any CPU.ActiveCfg = Debug|Any CPU
		{23BD816C-1FCC-4E5A-BF77-5F77B2A27879}.Debug|Any CPU.Build.0 = Debug|Any CPU
		{23BD816C-1FCC-4E5A-BF77-5F77B2A27879}.Debug|Mixed Platforms.ActiveCfg = Debug|Any CPU
		{23BD816C-1FCC-4E5A-BF77-5F77B2A27879}.Debug|Mixed Platforms.Build.0 = Debug|Any CPU
		{23BD816C-1FCC-4E5A-BF77-5F77B2A27879}.Debug|x86.ActiveCfg = Debug|Any CPU
		{23BD816C-1FCC-4E5A-BF77-5F77B2A27879}.Release|Any CPU.ActiveCfg = Release|Any CPU
		{23BD816C-1FCC-4E5A-BF77-5F77B2A27879}.Release|Any CPU.Build.0 = Release|Any CPU
		{23BD816C-1FCC-4E5A-BF77-5F77B2A27879}.Release|Mixed Platforms.ActiveCfg = Release|Any CPU
		{23BD816C-1FCC-4E5A-BF77-5F77B2A27879}.Release|Mixed Platforms.Build.0 = Release|Any CPU
		{23BD816C-1FCC-4E5A-BF77-5F77B2A27879}.Release|x86.ActiveCfg = Release|Any CPU
		{74D256C5-2789-457A-9587-CD95D54DAF88}.Debug|Any CPU.ActiveCfg = Debug|Any CPU
		{74D256C5-2789-457A-9587-CD95D54DAF88}.Debug|Any CPU.Build.0 = Debug|Any CPU
		{74D256C5-2789-457A-9587-CD95D54DAF88}.Debug|Mixed Platforms.ActiveCfg = Debug|Any CPU
		{74D256C5-2789-457A-9587-CD95D54DAF88}.Debug|Mixed Platforms.Build.0 = Debug|Any CPU
		{74D256C5-2789-457A-9587-CD95D54DAF88}.Debug|x86.ActiveCfg = Debug|Any CPU
		{74D256C5-2789-457A-9587-CD95D54DAF88}.Release|Any CPU.ActiveCfg = Release|Any CPU
		{74D256C5-2789-457A-9587-CD95D54DAF88}.Release|Any CPU.Build.0 = Release|Any CPU
		{74D256C5-2789-457A-9587-CD95D54DAF88}.Release|Mixed Platforms.ActiveCfg = Release|Any CPU
		{74D256C5-2789-457A-9587-CD95D54DAF88}.Release|Mixed Platforms.Build.0 = Release|Any CPU
		{74D256C5-2789-457A-9587-CD95D54DAF88}.Release|x86.ActiveCfg = Release|Any CPU
		{D8CE84F3-5C1C-429A-9166-535DA8DA036B}.Debug|Any CPU.ActiveCfg = Debug|Any CPU
		{D8CE84F3-5C1C-429A-9166-535DA8DA036B}.Debug|Any CPU.Build.0 = Debug|Any CPU
		{D8CE84F3-5C1C-429A-9166-535DA8DA036B}.Debug|Mixed Platforms.ActiveCfg = Debug|Any CPU
		{D8CE84F3-5C1C-429A-9166-535DA8DA036B}.Debug|Mixed Platforms.Build.0 = Debug|Any CPU
		{D8CE84F3-5C1C-429A-9166-535DA8DA036B}.Debug|x86.ActiveCfg = Debug|Any CPU
		{D8CE84F3-5C1C-429A-9166-535DA8DA036B}.Release|Any CPU.ActiveCfg = Release|Any CPU
		{D8CE84F3-5C1C-429A-9166-535DA8DA036B}.Release|Any CPU.Build.0 = Release|Any CPU
		{D8CE84F3-5C1C-429A-9166-535DA8DA036B}.Release|Mixed Platforms.ActiveCfg = Release|Any CPU
		{D8CE84F3-5C1C-429A-9166-535DA8DA036B}.Release|Mixed Platforms.Build.0 = Release|Any CPU
		{D8CE84F3-5C1C-429A-9166-535DA8DA036B}.Release|x86.ActiveCfg = Release|Any CPU
		{567E7007-7B4A-499B-84D6-D11742B240A4}.Debug|Any CPU.ActiveCfg = Debug|Any CPU
		{567E7007-7B4A-499B-84D6-D11742B240A4}.Debug|Any CPU.Build.0 = Debug|Any CPU
		{567E7007-7B4A-499B-84D6-D11742B240A4}.Debug|Mixed Platforms.ActiveCfg = Debug|Any CPU
		{567E7007-7B4A-499B-84D6-D11742B240A4}.Debug|Mixed Platforms.Build.0 = Debug|Any CPU
		{567E7007-7B4A-499B-84D6-D11742B240A4}.Debug|x86.ActiveCfg = Debug|Any CPU
		{567E7007-7B4A-499B-84D6-D11742B240A4}.Release|Any CPU.ActiveCfg = Release|Any CPU
		{567E7007-7B4A-499B-84D6-D11742B240A4}.Release|Any CPU.Build.0 = Release|Any CPU
		{567E7007-7B4A-499B-84D6-D11742B240A4}.Release|Mixed Platforms.ActiveCfg = Release|Any CPU
		{567E7007-7B4A-499B-84D6-D11742B240A4}.Release|Mixed Platforms.Build.0 = Release|Any CPU
		{567E7007-7B4A-499B-84D6-D11742B240A4}.Release|x86.ActiveCfg = Release|Any CPU
		{136752CE-91B9-4431-9A12-5868048B4985}.Debug|Any CPU.ActiveCfg = Debug|Any CPU
		{136752CE-91B9-4431-9A12-5868048B4985}.Debug|Any CPU.Build.0 = Debug|Any CPU
		{136752CE-91B9-4431-9A12-5868048B4985}.Debug|Mixed Platforms.ActiveCfg = Debug|Any CPU
		{136752CE-91B9-4431-9A12-5868048B4985}.Debug|Mixed Platforms.Build.0 = Debug|Any CPU
		{136752CE-91B9-4431-9A12-5868048B4985}.Debug|x86.ActiveCfg = Debug|Any CPU
		{136752CE-91B9-4431-9A12-5868048B4985}.Release|Any CPU.ActiveCfg = Release|Any CPU
		{136752CE-91B9-4431-9A12-5868048B4985}.Release|Any CPU.Build.0 = Release|Any CPU
		{136752CE-91B9-4431-9A12-5868048B4985}.Release|Mixed Platforms.ActiveCfg = Release|Any CPU
		{136752CE-91B9-4431-9A12-5868048B4985}.Release|Mixed Platforms.Build.0 = Release|Any CPU
		{136752CE-91B9-4431-9A12-5868048B4985}.Release|x86.ActiveCfg = Release|Any CPU
		{3253520D-7D86-4D51-8D27-6C1B26C0D0D2}.Debug|Any CPU.ActiveCfg = Debug|Any CPU
		{3253520D-7D86-4D51-8D27-6C1B26C0D0D2}.Debug|Any CPU.Build.0 = Debug|Any CPU
		{3253520D-7D86-4D51-8D27-6C1B26C0D0D2}.Debug|Mixed Platforms.ActiveCfg = Debug|Any CPU
		{3253520D-7D86-4D51-8D27-6C1B26C0D0D2}.Debug|Mixed Platforms.Build.0 = Debug|Any CPU
		{3253520D-7D86-4D51-8D27-6C1B26C0D0D2}.Debug|x86.ActiveCfg = Debug|Any CPU
		{3253520D-7D86-4D51-8D27-6C1B26C0D0D2}.Release|Any CPU.ActiveCfg = Release|Any CPU
		{3253520D-7D86-4D51-8D27-6C1B26C0D0D2}.Release|Any CPU.Build.0 = Release|Any CPU
		{3253520D-7D86-4D51-8D27-6C1B26C0D0D2}.Release|Mixed Platforms.ActiveCfg = Release|Any CPU
		{3253520D-7D86-4D51-8D27-6C1B26C0D0D2}.Release|Mixed Platforms.Build.0 = Release|Any CPU
		{3253520D-7D86-4D51-8D27-6C1B26C0D0D2}.Release|x86.ActiveCfg = Release|Any CPU
		{E1C000C4-B2E9-4C74-B3E2-6D6171E36FCF}.Debug|Any CPU.ActiveCfg = Debug|x86
		{E1C000C4-B2E9-4C74-B3E2-6D6171E36FCF}.Debug|Mixed Platforms.ActiveCfg = Debug|x86
		{E1C000C4-B2E9-4C74-B3E2-6D6171E36FCF}.Debug|Mixed Platforms.Build.0 = Debug|x86
		{E1C000C4-B2E9-4C74-B3E2-6D6171E36FCF}.Debug|x86.ActiveCfg = Debug|x86
		{E1C000C4-B2E9-4C74-B3E2-6D6171E36FCF}.Debug|x86.Build.0 = Debug|x86
		{E1C000C4-B2E9-4C74-B3E2-6D6171E36FCF}.Release|Any CPU.ActiveCfg = Release|x86
		{E1C000C4-B2E9-4C74-B3E2-6D6171E36FCF}.Release|Mixed Platforms.ActiveCfg = Release|x86
		{E1C000C4-B2E9-4C74-B3E2-6D6171E36FCF}.Release|Mixed Platforms.Build.0 = Release|x86
		{E1C000C4-B2E9-4C74-B3E2-6D6171E36FCF}.Release|x86.ActiveCfg = Release|x86
		{E1C000C4-B2E9-4C74-B3E2-6D6171E36FCF}.Release|x86.Build.0 = Release|x86
		{FC419CCB-4FF5-47B4-A568-8B167DC9E7B3}.Debug|Any CPU.ActiveCfg = Debug|x86
		{FC419CCB-4FF5-47B4-A568-8B167DC9E7B3}.Debug|Mixed Platforms.ActiveCfg = Debug|x86
		{FC419CCB-4FF5-47B4-A568-8B167DC9E7B3}.Debug|Mixed Platforms.Build.0 = Debug|x86
		{FC419CCB-4FF5-47B4-A568-8B167DC9E7B3}.Debug|x86.ActiveCfg = Debug|x86
		{FC419CCB-4FF5-47B4-A568-8B167DC9E7B3}.Debug|x86.Build.0 = Debug|x86
		{FC419CCB-4FF5-47B4-A568-8B167DC9E7B3}.Release|Any CPU.ActiveCfg = Release|x86
		{FC419CCB-4FF5-47B4-A568-8B167DC9E7B3}.Release|Mixed Platforms.ActiveCfg = Release|x86
		{FC419CCB-4FF5-47B4-A568-8B167DC9E7B3}.Release|Mixed Platforms.Build.0 = Release|x86
		{FC419CCB-4FF5-47B4-A568-8B167DC9E7B3}.Release|x86.ActiveCfg = Release|x86
		{FC419CCB-4FF5-47B4-A568-8B167DC9E7B3}.Release|x86.Build.0 = Release|x86
		{D5F646DA-FDC2-4D15-A52D-D63F0B4ECAF0}.Debug|Any CPU.ActiveCfg = Debug|x86
		{D5F646DA-FDC2-4D15-A52D-D63F0B4ECAF0}.Debug|Mixed Platforms.ActiveCfg = Debug|x86
		{D5F646DA-FDC2-4D15-A52D-D63F0B4ECAF0}.Debug|Mixed Platforms.Build.0 = Debug|x86
		{D5F646DA-FDC2-4D15-A52D-D63F0B4ECAF0}.Debug|x86.ActiveCfg = Debug|x86
		{D5F646DA-FDC2-4D15-A52D-D63F0B4ECAF0}.Debug|x86.Build.0 = Debug|x86
		{D5F646DA-FDC2-4D15-A52D-D63F0B4ECAF0}.Release|Any CPU.ActiveCfg = Release|x86
		{D5F646DA-FDC2-4D15-A52D-D63F0B4ECAF0}.Release|Mixed Platforms.ActiveCfg = Release|x86
		{D5F646DA-FDC2-4D15-A52D-D63F0B4ECAF0}.Release|Mixed Platforms.Build.0 = Release|x86
		{D5F646DA-FDC2-4D15-A52D-D63F0B4ECAF0}.Release|x86.ActiveCfg = Release|x86
		{D5F646DA-FDC2-4D15-A52D-D63F0B4ECAF0}.Release|x86.Build.0 = Release|x86
		{34E10514-ACD7-415B-88B6-174D8A8CD7DD}.Debug|Any CPU.ActiveCfg = Debug|x86
		{34E10514-ACD7-415B-88B6-174D8A8CD7DD}.Debug|Mixed Platforms.ActiveCfg = Debug|x86
		{34E10514-ACD7-415B-88B6-174D8A8CD7DD}.Debug|Mixed Platforms.Build.0 = Debug|x86
		{34E10514-ACD7-415B-88B6-174D8A8CD7DD}.Debug|x86.ActiveCfg = Debug|x86
		{34E10514-ACD7-415B-88B6-174D8A8CD7DD}.Debug|x86.Build.0 = Debug|x86
		{34E10514-ACD7-415B-88B6-174D8A8CD7DD}.Release|Any CPU.ActiveCfg = Release|x86
		{34E10514-ACD7-415B-88B6-174D8A8CD7DD}.Release|Mixed Platforms.ActiveCfg = Release|x86
		{34E10514-ACD7-415B-88B6-174D8A8CD7DD}.Release|Mixed Platforms.Build.0 = Release|x86
		{34E10514-ACD7-415B-88B6-174D8A8CD7DD}.Release|x86.ActiveCfg = Release|x86
		{34E10514-ACD7-415B-88B6-174D8A8CD7DD}.Release|x86.Build.0 = Release|x86
		{5648DC06-3108-4582-9809-B7EA7C37B99F}.Debug|Any CPU.ActiveCfg = Debug|Any CPU
		{5648DC06-3108-4582-9809-B7EA7C37B99F}.Debug|Any CPU.Build.0 = Debug|Any CPU
		{5648DC06-3108-4582-9809-B7EA7C37B99F}.Debug|Mixed Platforms.ActiveCfg = Debug|Any CPU
		{5648DC06-3108-4582-9809-B7EA7C37B99F}.Debug|Mixed Platforms.Build.0 = Debug|Any CPU
		{5648DC06-3108-4582-9809-B7EA7C37B99F}.Debug|x86.ActiveCfg = Debug|Any CPU
		{5648DC06-3108-4582-9809-B7EA7C37B99F}.Release|Any CPU.ActiveCfg = Release|Any CPU
		{5648DC06-3108-4582-9809-B7EA7C37B99F}.Release|Any CPU.Build.0 = Release|Any CPU
		{5648DC06-3108-4582-9809-B7EA7C37B99F}.Release|Mixed Platforms.ActiveCfg = Release|Any CPU
		{5648DC06-3108-4582-9809-B7EA7C37B99F}.Release|Mixed Platforms.Build.0 = Release|Any CPU
		{5648DC06-3108-4582-9809-B7EA7C37B99F}.Release|x86.ActiveCfg = Release|Any CPU
		{2C1DF80A-BA67-4AF4-A275-5C542C21F62D}.Debug|Any CPU.ActiveCfg = Debug|x86
		{2C1DF80A-BA67-4AF4-A275-5C542C21F62D}.Debug|Mixed Platforms.ActiveCfg = Debug|x86
		{2C1DF80A-BA67-4AF4-A275-5C542C21F62D}.Debug|Mixed Platforms.Build.0 = Debug|x86
		{2C1DF80A-BA67-4AF4-A275-5C542C21F62D}.Debug|x86.ActiveCfg = Debug|x86
		{2C1DF80A-BA67-4AF4-A275-5C542C21F62D}.Debug|x86.Build.0 = Debug|x86
		{2C1DF80A-BA67-4AF4-A275-5C542C21F62D}.Release|Any CPU.ActiveCfg = Release|x86
		{2C1DF80A-BA67-4AF4-A275-5C542C21F62D}.Release|Mixed Platforms.ActiveCfg = Release|x86
		{2C1DF80A-BA67-4AF4-A275-5C542C21F62D}.Release|Mixed Platforms.Build.0 = Release|x86
		{2C1DF80A-BA67-4AF4-A275-5C542C21F62D}.Release|x86.ActiveCfg = Release|x86
		{2C1DF80A-BA67-4AF4-A275-5C542C21F62D}.Release|x86.Build.0 = Release|x86
		{44E4CF27-E99E-4DA2-B2F4-1769A3DE4244}.Debug|Any CPU.ActiveCfg = Debug|Any CPU
		{44E4CF27-E99E-4DA2-B2F4-1769A3DE4244}.Debug|Any CPU.Build.0 = Debug|Any CPU
		{44E4CF27-E99E-4DA2-B2F4-1769A3DE4244}.Debug|Mixed Platforms.ActiveCfg = Debug|Any CPU
		{44E4CF27-E99E-4DA2-B2F4-1769A3DE4244}.Debug|Mixed Platforms.Build.0 = Debug|Any CPU
		{44E4CF27-E99E-4DA2-B2F4-1769A3DE4244}.Debug|x86.ActiveCfg = Debug|Any CPU
		{44E4CF27-E99E-4DA2-B2F4-1769A3DE4244}.Release|Any CPU.ActiveCfg = Release|Any CPU
		{44E4CF27-E99E-4DA2-B2F4-1769A3DE4244}.Release|Any CPU.Build.0 = Release|Any CPU
		{44E4CF27-E99E-4DA2-B2F4-1769A3DE4244}.Release|Mixed Platforms.ActiveCfg = Release|Any CPU
		{44E4CF27-E99E-4DA2-B2F4-1769A3DE4244}.Release|Mixed Platforms.Build.0 = Release|Any CPU
		{44E4CF27-E99E-4DA2-B2F4-1769A3DE4244}.Release|x86.ActiveCfg = Release|Any CPU
		{2F434A31-C077-4A3A-BEF8-EE23E88780E4}.Debug|Any CPU.ActiveCfg = Debug|Any CPU
		{2F434A31-C077-4A3A-BEF8-EE23E88780E4}.Debug|Any CPU.Build.0 = Debug|Any CPU
		{2F434A31-C077-4A3A-BEF8-EE23E88780E4}.Debug|Mixed Platforms.ActiveCfg = Debug|Any CPU
		{2F434A31-C077-4A3A-BEF8-EE23E88780E4}.Debug|Mixed Platforms.Build.0 = Debug|Any CPU
		{2F434A31-C077-4A3A-BEF8-EE23E88780E4}.Debug|x86.ActiveCfg = Debug|Any CPU
		{2F434A31-C077-4A3A-BEF8-EE23E88780E4}.Release|Any CPU.ActiveCfg = Release|Any CPU
		{2F434A31-C077-4A3A-BEF8-EE23E88780E4}.Release|Any CPU.Build.0 = Release|Any CPU
		{2F434A31-C077-4A3A-BEF8-EE23E88780E4}.Release|Mixed Platforms.ActiveCfg = Release|Any CPU
		{2F434A31-C077-4A3A-BEF8-EE23E88780E4}.Release|Mixed Platforms.Build.0 = Release|Any CPU
		{2F434A31-C077-4A3A-BEF8-EE23E88780E4}.Release|x86.ActiveCfg = Release|Any CPU
		{E66AB35D-2B77-4001-9C68-5270C26BA431}.Debug|Any CPU.ActiveCfg = Debug|Any CPU
		{E66AB35D-2B77-4001-9C68-5270C26BA431}.Debug|Any CPU.Build.0 = Debug|Any CPU
		{E66AB35D-2B77-4001-9C68-5270C26BA431}.Debug|Mixed Platforms.ActiveCfg = Debug|Any CPU
		{E66AB35D-2B77-4001-9C68-5270C26BA431}.Debug|Mixed Platforms.Build.0 = Debug|Any CPU
		{E66AB35D-2B77-4001-9C68-5270C26BA431}.Debug|x86.ActiveCfg = Debug|Any CPU
		{E66AB35D-2B77-4001-9C68-5270C26BA431}.Release|Any CPU.ActiveCfg = Release|Any CPU
		{E66AB35D-2B77-4001-9C68-5270C26BA431}.Release|Any CPU.Build.0 = Release|Any CPU
		{E66AB35D-2B77-4001-9C68-5270C26BA431}.Release|Mixed Platforms.ActiveCfg = Release|Any CPU
		{E66AB35D-2B77-4001-9C68-5270C26BA431}.Release|Mixed Platforms.Build.0 = Release|Any CPU
		{E66AB35D-2B77-4001-9C68-5270C26BA431}.Release|x86.ActiveCfg = Release|Any CPU
		{1AABCC35-E8A5-4371-A0EE-B47F95946231}.Debug|Any CPU.ActiveCfg = Debug|Any CPU
		{1AABCC35-E8A5-4371-A0EE-B47F95946231}.Debug|Any CPU.Build.0 = Debug|Any CPU
		{1AABCC35-E8A5-4371-A0EE-B47F95946231}.Debug|Mixed Platforms.ActiveCfg = Debug|Any CPU
		{1AABCC35-E8A5-4371-A0EE-B47F95946231}.Debug|Mixed Platforms.Build.0 = Debug|Any CPU
		{1AABCC35-E8A5-4371-A0EE-B47F95946231}.Debug|x86.ActiveCfg = Debug|Any CPU
		{1AABCC35-E8A5-4371-A0EE-B47F95946231}.Release|Any CPU.ActiveCfg = Release|Any CPU
		{1AABCC35-E8A5-4371-A0EE-B47F95946231}.Release|Any CPU.Build.0 = Release|Any CPU
		{1AABCC35-E8A5-4371-A0EE-B47F95946231}.Release|Mixed Platforms.ActiveCfg = Release|Any CPU
		{1AABCC35-E8A5-4371-A0EE-B47F95946231}.Release|Mixed Platforms.Build.0 = Release|Any CPU
		{1AABCC35-E8A5-4371-A0EE-B47F95946231}.Release|x86.ActiveCfg = Release|Any CPU
		{D3532909-285E-4B5D-9219-3CCF321A60F5}.Debug|Any CPU.ActiveCfg = Debug|Any CPU
		{D3532909-285E-4B5D-9219-3CCF321A60F5}.Debug|Any CPU.Build.0 = Debug|Any CPU
		{D3532909-285E-4B5D-9219-3CCF321A60F5}.Debug|Mixed Platforms.ActiveCfg = Debug|Any CPU
		{D3532909-285E-4B5D-9219-3CCF321A60F5}.Debug|Mixed Platforms.Build.0 = Debug|Any CPU
		{D3532909-285E-4B5D-9219-3CCF321A60F5}.Debug|x86.ActiveCfg = Debug|Any CPU
		{D3532909-285E-4B5D-9219-3CCF321A60F5}.Release|Any CPU.ActiveCfg = Release|Any CPU
		{D3532909-285E-4B5D-9219-3CCF321A60F5}.Release|Any CPU.Build.0 = Release|Any CPU
		{D3532909-285E-4B5D-9219-3CCF321A60F5}.Release|Mixed Platforms.ActiveCfg = Release|Any CPU
		{D3532909-285E-4B5D-9219-3CCF321A60F5}.Release|Mixed Platforms.Build.0 = Release|Any CPU
		{D3532909-285E-4B5D-9219-3CCF321A60F5}.Release|x86.ActiveCfg = Release|Any CPU
		{711265A5-F5DA-4E56-871F-0A5B4C0949B8}.Debug|Any CPU.ActiveCfg = Debug|Any CPU
		{711265A5-F5DA-4E56-871F-0A5B4C0949B8}.Debug|Any CPU.Build.0 = Debug|Any CPU
		{711265A5-F5DA-4E56-871F-0A5B4C0949B8}.Debug|Mixed Platforms.ActiveCfg = Debug|Any CPU
		{711265A5-F5DA-4E56-871F-0A5B4C0949B8}.Debug|Mixed Platforms.Build.0 = Debug|Any CPU
		{711265A5-F5DA-4E56-871F-0A5B4C0949B8}.Debug|x86.ActiveCfg = Debug|Any CPU
		{711265A5-F5DA-4E56-871F-0A5B4C0949B8}.Release|Any CPU.ActiveCfg = Release|Any CPU
		{711265A5-F5DA-4E56-871F-0A5B4C0949B8}.Release|Any CPU.Build.0 = Release|Any CPU
		{711265A5-F5DA-4E56-871F-0A5B4C0949B8}.Release|Mixed Platforms.ActiveCfg = Release|Any CPU
		{711265A5-F5DA-4E56-871F-0A5B4C0949B8}.Release|Mixed Platforms.Build.0 = Release|Any CPU
		{711265A5-F5DA-4E56-871F-0A5B4C0949B8}.Release|x86.ActiveCfg = Release|Any CPU
		{109E10D7-4E2E-4B51-BBFD-74F6900D456B}.Debug|Any CPU.ActiveCfg = Debug|Any CPU
		{109E10D7-4E2E-4B51-BBFD-74F6900D456B}.Debug|Any CPU.Build.0 = Debug|Any CPU
		{109E10D7-4E2E-4B51-BBFD-74F6900D456B}.Debug|Mixed Platforms.ActiveCfg = Debug|Any CPU
		{109E10D7-4E2E-4B51-BBFD-74F6900D456B}.Debug|Mixed Platforms.Build.0 = Debug|Any CPU
		{109E10D7-4E2E-4B51-BBFD-74F6900D456B}.Debug|x86.ActiveCfg = Debug|Any CPU
		{109E10D7-4E2E-4B51-BBFD-74F6900D456B}.Release|Any CPU.ActiveCfg = Release|Any CPU
		{109E10D7-4E2E-4B51-BBFD-74F6900D456B}.Release|Any CPU.Build.0 = Release|Any CPU
		{109E10D7-4E2E-4B51-BBFD-74F6900D456B}.Release|Mixed Platforms.ActiveCfg = Release|Any CPU
		{109E10D7-4E2E-4B51-BBFD-74F6900D456B}.Release|Mixed Platforms.Build.0 = Release|Any CPU
		{109E10D7-4E2E-4B51-BBFD-74F6900D456B}.Release|x86.ActiveCfg = Release|Any CPU
		{3DF8C75B-7CA3-48E8-AFC2-8CE27E8A6BE2}.Debug|Any CPU.ActiveCfg = Debug|Any CPU
		{3DF8C75B-7CA3-48E8-AFC2-8CE27E8A6BE2}.Debug|Any CPU.Build.0 = Debug|Any CPU
		{3DF8C75B-7CA3-48E8-AFC2-8CE27E8A6BE2}.Debug|Mixed Platforms.ActiveCfg = Debug|Any CPU
		{3DF8C75B-7CA3-48E8-AFC2-8CE27E8A6BE2}.Debug|Mixed Platforms.Build.0 = Debug|Any CPU
		{3DF8C75B-7CA3-48E8-AFC2-8CE27E8A6BE2}.Debug|x86.ActiveCfg = Debug|Any CPU
		{3DF8C75B-7CA3-48E8-AFC2-8CE27E8A6BE2}.Release|Any CPU.ActiveCfg = Release|Any CPU
		{3DF8C75B-7CA3-48E8-AFC2-8CE27E8A6BE2}.Release|Any CPU.Build.0 = Release|Any CPU
		{3DF8C75B-7CA3-48E8-AFC2-8CE27E8A6BE2}.Release|Mixed Platforms.ActiveCfg = Release|Any CPU
		{3DF8C75B-7CA3-48E8-AFC2-8CE27E8A6BE2}.Release|Mixed Platforms.Build.0 = Release|Any CPU
		{3DF8C75B-7CA3-48E8-AFC2-8CE27E8A6BE2}.Release|x86.ActiveCfg = Release|Any CPU
		{C872AB41-AB9A-4F5F-878F-1CCF380D13C2}.Debug|Any CPU.ActiveCfg = Debug|Any CPU
		{C872AB41-AB9A-4F5F-878F-1CCF380D13C2}.Debug|Any CPU.Build.0 = Debug|Any CPU
		{C872AB41-AB9A-4F5F-878F-1CCF380D13C2}.Debug|Mixed Platforms.ActiveCfg = Debug|Any CPU
		{C872AB41-AB9A-4F5F-878F-1CCF380D13C2}.Debug|Mixed Platforms.Build.0 = Debug|Any CPU
		{C872AB41-AB9A-4F5F-878F-1CCF380D13C2}.Debug|x86.ActiveCfg = Debug|Any CPU
		{C872AB41-AB9A-4F5F-878F-1CCF380D13C2}.Release|Any CPU.ActiveCfg = Release|Any CPU
		{C872AB41-AB9A-4F5F-878F-1CCF380D13C2}.Release|Any CPU.Build.0 = Release|Any CPU
		{C872AB41-AB9A-4F5F-878F-1CCF380D13C2}.Release|Mixed Platforms.ActiveCfg = Release|Any CPU
		{C872AB41-AB9A-4F5F-878F-1CCF380D13C2}.Release|Mixed Platforms.Build.0 = Release|Any CPU
		{C872AB41-AB9A-4F5F-878F-1CCF380D13C2}.Release|x86.ActiveCfg = Release|Any CPU
		{80F1B4C8-62F8-44C7-9EEC-ECE2523E1C44}.Debug|Any CPU.ActiveCfg = Debug|Any CPU
		{80F1B4C8-62F8-44C7-9EEC-ECE2523E1C44}.Debug|Any CPU.Build.0 = Debug|Any CPU
		{80F1B4C8-62F8-44C7-9EEC-ECE2523E1C44}.Debug|Mixed Platforms.ActiveCfg = Debug|Any CPU
		{80F1B4C8-62F8-44C7-9EEC-ECE2523E1C44}.Debug|Mixed Platforms.Build.0 = Debug|Any CPU
		{80F1B4C8-62F8-44C7-9EEC-ECE2523E1C44}.Debug|x86.ActiveCfg = Debug|Any CPU
		{80F1B4C8-62F8-44C7-9EEC-ECE2523E1C44}.Release|Any CPU.ActiveCfg = Release|Any CPU
		{80F1B4C8-62F8-44C7-9EEC-ECE2523E1C44}.Release|Any CPU.Build.0 = Release|Any CPU
		{80F1B4C8-62F8-44C7-9EEC-ECE2523E1C44}.Release|Mixed Platforms.ActiveCfg = Release|Any CPU
		{80F1B4C8-62F8-44C7-9EEC-ECE2523E1C44}.Release|Mixed Platforms.Build.0 = Release|Any CPU
		{80F1B4C8-62F8-44C7-9EEC-ECE2523E1C44}.Release|x86.ActiveCfg = Release|Any CPU
		{D0F9B870-7E16-4977-A4F3-3FD02E3788D2}.Debug|Any CPU.ActiveCfg = Debug|Any CPU
		{D0F9B870-7E16-4977-A4F3-3FD02E3788D2}.Debug|Any CPU.Build.0 = Debug|Any CPU
		{D0F9B870-7E16-4977-A4F3-3FD02E3788D2}.Debug|Mixed Platforms.ActiveCfg = Debug|Any CPU
		{D0F9B870-7E16-4977-A4F3-3FD02E3788D2}.Debug|Mixed Platforms.Build.0 = Debug|Any CPU
		{D0F9B870-7E16-4977-A4F3-3FD02E3788D2}.Debug|x86.ActiveCfg = Debug|Any CPU
		{D0F9B870-7E16-4977-A4F3-3FD02E3788D2}.Release|Any CPU.ActiveCfg = Release|Any CPU
		{D0F9B870-7E16-4977-A4F3-3FD02E3788D2}.Release|Any CPU.Build.0 = Release|Any CPU
		{D0F9B870-7E16-4977-A4F3-3FD02E3788D2}.Release|Mixed Platforms.ActiveCfg = Release|Any CPU
		{D0F9B870-7E16-4977-A4F3-3FD02E3788D2}.Release|Mixed Platforms.Build.0 = Release|Any CPU
		{D0F9B870-7E16-4977-A4F3-3FD02E3788D2}.Release|x86.ActiveCfg = Release|Any CPU
		{B751CB55-8988-4B37-B883-53AA33682AFF}.Debug|Any CPU.ActiveCfg = Debug|Any CPU
		{B751CB55-8988-4B37-B883-53AA33682AFF}.Debug|Any CPU.Build.0 = Debug|Any CPU
		{B751CB55-8988-4B37-B883-53AA33682AFF}.Debug|Mixed Platforms.ActiveCfg = Debug|Any CPU
		{B751CB55-8988-4B37-B883-53AA33682AFF}.Debug|Mixed Platforms.Build.0 = Debug|Any CPU
		{B751CB55-8988-4B37-B883-53AA33682AFF}.Debug|x86.ActiveCfg = Debug|Any CPU
		{B751CB55-8988-4B37-B883-53AA33682AFF}.Release|Any CPU.ActiveCfg = Release|Any CPU
		{B751CB55-8988-4B37-B883-53AA33682AFF}.Release|Any CPU.Build.0 = Release|Any CPU
		{B751CB55-8988-4B37-B883-53AA33682AFF}.Release|Mixed Platforms.ActiveCfg = Release|Any CPU
		{B751CB55-8988-4B37-B883-53AA33682AFF}.Release|Mixed Platforms.Build.0 = Release|Any CPU
		{B751CB55-8988-4B37-B883-53AA33682AFF}.Release|x86.ActiveCfg = Release|Any CPU
		{8EBD4773-F45D-4F0F-A8E8-7E3AC1E25FD0}.Debug|Any CPU.ActiveCfg = Debug|Any CPU
		{8EBD4773-F45D-4F0F-A8E8-7E3AC1E25FD0}.Debug|Any CPU.Build.0 = Debug|Any CPU
		{8EBD4773-F45D-4F0F-A8E8-7E3AC1E25FD0}.Debug|Mixed Platforms.ActiveCfg = Debug|Any CPU
		{8EBD4773-F45D-4F0F-A8E8-7E3AC1E25FD0}.Debug|Mixed Platforms.Build.0 = Debug|Any CPU
		{8EBD4773-F45D-4F0F-A8E8-7E3AC1E25FD0}.Debug|x86.ActiveCfg = Debug|Any CPU
		{8EBD4773-F45D-4F0F-A8E8-7E3AC1E25FD0}.Release|Any CPU.ActiveCfg = Release|Any CPU
		{8EBD4773-F45D-4F0F-A8E8-7E3AC1E25FD0}.Release|Any CPU.Build.0 = Release|Any CPU
		{8EBD4773-F45D-4F0F-A8E8-7E3AC1E25FD0}.Release|Mixed Platforms.ActiveCfg = Release|Any CPU
		{8EBD4773-F45D-4F0F-A8E8-7E3AC1E25FD0}.Release|Mixed Platforms.Build.0 = Release|Any CPU
		{8EBD4773-F45D-4F0F-A8E8-7E3AC1E25FD0}.Release|x86.ActiveCfg = Release|Any CPU
		{33661185-E3F3-49CD-A66F-1C623C8CFF37}.Debug|Any CPU.ActiveCfg = Debug|Any CPU
		{33661185-E3F3-49CD-A66F-1C623C8CFF37}.Debug|Any CPU.Build.0 = Debug|Any CPU
		{33661185-E3F3-49CD-A66F-1C623C8CFF37}.Debug|Mixed Platforms.ActiveCfg = Debug|Any CPU
		{33661185-E3F3-49CD-A66F-1C623C8CFF37}.Debug|Mixed Platforms.Build.0 = Debug|Any CPU
		{33661185-E3F3-49CD-A66F-1C623C8CFF37}.Debug|x86.ActiveCfg = Debug|Any CPU
		{33661185-E3F3-49CD-A66F-1C623C8CFF37}.Release|Any CPU.ActiveCfg = Release|Any CPU
		{33661185-E3F3-49CD-A66F-1C623C8CFF37}.Release|Any CPU.Build.0 = Release|Any CPU
		{33661185-E3F3-49CD-A66F-1C623C8CFF37}.Release|Mixed Platforms.ActiveCfg = Release|Any CPU
		{33661185-E3F3-49CD-A66F-1C623C8CFF37}.Release|Mixed Platforms.Build.0 = Release|Any CPU
		{33661185-E3F3-49CD-A66F-1C623C8CFF37}.Release|x86.ActiveCfg = Release|Any CPU
		{B6AD7173-3799-426C-8E3D-65807A35D234}.Debug|Any CPU.ActiveCfg = Debug|Any CPU
		{B6AD7173-3799-426C-8E3D-65807A35D234}.Debug|Any CPU.Build.0 = Debug|Any CPU
		{B6AD7173-3799-426C-8E3D-65807A35D234}.Debug|Mixed Platforms.ActiveCfg = Debug|Any CPU
		{B6AD7173-3799-426C-8E3D-65807A35D234}.Debug|Mixed Platforms.Build.0 = Debug|Any CPU
		{B6AD7173-3799-426C-8E3D-65807A35D234}.Debug|x86.ActiveCfg = Debug|Any CPU
		{B6AD7173-3799-426C-8E3D-65807A35D234}.Release|Any CPU.ActiveCfg = Release|Any CPU
		{B6AD7173-3799-426C-8E3D-65807A35D234}.Release|Any CPU.Build.0 = Release|Any CPU
		{B6AD7173-3799-426C-8E3D-65807A35D234}.Release|Mixed Platforms.ActiveCfg = Release|Any CPU
		{B6AD7173-3799-426C-8E3D-65807A35D234}.Release|Mixed Platforms.Build.0 = Release|Any CPU
		{B6AD7173-3799-426C-8E3D-65807A35D234}.Release|x86.ActiveCfg = Release|Any CPU
		{67EA671D-3DB7-40D2-A397-25352D0AB5D2}.Debug|Any CPU.ActiveCfg = Debug|Any CPU
		{67EA671D-3DB7-40D2-A397-25352D0AB5D2}.Debug|Any CPU.Build.0 = Debug|Any CPU
		{67EA671D-3DB7-40D2-A397-25352D0AB5D2}.Debug|Mixed Platforms.ActiveCfg = Debug|Any CPU
		{67EA671D-3DB7-40D2-A397-25352D0AB5D2}.Debug|Mixed Platforms.Build.0 = Debug|Any CPU
		{67EA671D-3DB7-40D2-A397-25352D0AB5D2}.Debug|x86.ActiveCfg = Debug|Any CPU
		{67EA671D-3DB7-40D2-A397-25352D0AB5D2}.Release|Any CPU.ActiveCfg = Release|Any CPU
		{67EA671D-3DB7-40D2-A397-25352D0AB5D2}.Release|Any CPU.Build.0 = Release|Any CPU
		{67EA671D-3DB7-40D2-A397-25352D0AB5D2}.Release|Mixed Platforms.ActiveCfg = Release|Any CPU
		{67EA671D-3DB7-40D2-A397-25352D0AB5D2}.Release|Mixed Platforms.Build.0 = Release|Any CPU
		{67EA671D-3DB7-40D2-A397-25352D0AB5D2}.Release|x86.ActiveCfg = Release|Any CPU
		{D0967411-5978-4A61-B147-4F5C0E24854E}.Debug|Any CPU.ActiveCfg = Debug|Any CPU
		{D0967411-5978-4A61-B147-4F5C0E24854E}.Debug|Any CPU.Build.0 = Debug|Any CPU
		{D0967411-5978-4A61-B147-4F5C0E24854E}.Debug|Mixed Platforms.ActiveCfg = Debug|Any CPU
		{D0967411-5978-4A61-B147-4F5C0E24854E}.Debug|Mixed Platforms.Build.0 = Debug|Any CPU
		{D0967411-5978-4A61-B147-4F5C0E24854E}.Debug|x86.ActiveCfg = Debug|Any CPU
		{D0967411-5978-4A61-B147-4F5C0E24854E}.Release|Any CPU.ActiveCfg = Release|Any CPU
		{D0967411-5978-4A61-B147-4F5C0E24854E}.Release|Any CPU.Build.0 = Release|Any CPU
		{D0967411-5978-4A61-B147-4F5C0E24854E}.Release|Mixed Platforms.ActiveCfg = Release|Any CPU
		{D0967411-5978-4A61-B147-4F5C0E24854E}.Release|Mixed Platforms.Build.0 = Release|Any CPU
		{D0967411-5978-4A61-B147-4F5C0E24854E}.Release|x86.ActiveCfg = Release|Any CPU
		{EE24067B-EAED-4C35-B0F8-A02F8FA514C1}.Debug|Any CPU.ActiveCfg = Debug|Any CPU
		{EE24067B-EAED-4C35-B0F8-A02F8FA514C1}.Debug|Any CPU.Build.0 = Debug|Any CPU
		{EE24067B-EAED-4C35-B0F8-A02F8FA514C1}.Debug|Mixed Platforms.ActiveCfg = Debug|Any CPU
		{EE24067B-EAED-4C35-B0F8-A02F8FA514C1}.Debug|Mixed Platforms.Build.0 = Debug|Any CPU
		{EE24067B-EAED-4C35-B0F8-A02F8FA514C1}.Debug|x86.ActiveCfg = Debug|Any CPU
		{EE24067B-EAED-4C35-B0F8-A02F8FA514C1}.Release|Any CPU.ActiveCfg = Release|Any CPU
		{EE24067B-EAED-4C35-B0F8-A02F8FA514C1}.Release|Any CPU.Build.0 = Release|Any CPU
		{EE24067B-EAED-4C35-B0F8-A02F8FA514C1}.Release|Mixed Platforms.ActiveCfg = Release|Any CPU
		{EE24067B-EAED-4C35-B0F8-A02F8FA514C1}.Release|Mixed Platforms.Build.0 = Release|Any CPU
		{EE24067B-EAED-4C35-B0F8-A02F8FA514C1}.Release|x86.ActiveCfg = Release|Any CPU
		{FB73AFEF-311C-4953-8747-FA3BF503C8F9}.Debug|Any CPU.ActiveCfg = Debug|Any CPU
		{FB73AFEF-311C-4953-8747-FA3BF503C8F9}.Debug|Any CPU.Build.0 = Debug|Any CPU
		{FB73AFEF-311C-4953-8747-FA3BF503C8F9}.Debug|Mixed Platforms.ActiveCfg = Debug|Any CPU
		{FB73AFEF-311C-4953-8747-FA3BF503C8F9}.Debug|Mixed Platforms.Build.0 = Debug|Any CPU
		{FB73AFEF-311C-4953-8747-FA3BF503C8F9}.Debug|x86.ActiveCfg = Debug|Any CPU
		{FB73AFEF-311C-4953-8747-FA3BF503C8F9}.Release|Any CPU.ActiveCfg = Release|Any CPU
		{FB73AFEF-311C-4953-8747-FA3BF503C8F9}.Release|Any CPU.Build.0 = Release|Any CPU
		{FB73AFEF-311C-4953-8747-FA3BF503C8F9}.Release|Mixed Platforms.ActiveCfg = Release|Any CPU
		{FB73AFEF-311C-4953-8747-FA3BF503C8F9}.Release|Mixed Platforms.Build.0 = Release|Any CPU
		{FB73AFEF-311C-4953-8747-FA3BF503C8F9}.Release|x86.ActiveCfg = Release|Any CPU
		{7CBBEA34-FF6E-4B80-9C5D-CC9ACEEE56A1}.Debug|Any CPU.ActiveCfg = Debug|Any CPU
		{7CBBEA34-FF6E-4B80-9C5D-CC9ACEEE56A1}.Debug|Any CPU.Build.0 = Debug|Any CPU
		{7CBBEA34-FF6E-4B80-9C5D-CC9ACEEE56A1}.Debug|Mixed Platforms.ActiveCfg = Debug|Any CPU
		{7CBBEA34-FF6E-4B80-9C5D-CC9ACEEE56A1}.Debug|Mixed Platforms.Build.0 = Debug|Any CPU
		{7CBBEA34-FF6E-4B80-9C5D-CC9ACEEE56A1}.Debug|x86.ActiveCfg = Debug|Any CPU
		{7CBBEA34-FF6E-4B80-9C5D-CC9ACEEE56A1}.Release|Any CPU.ActiveCfg = Release|Any CPU
		{7CBBEA34-FF6E-4B80-9C5D-CC9ACEEE56A1}.Release|Any CPU.Build.0 = Release|Any CPU
		{7CBBEA34-FF6E-4B80-9C5D-CC9ACEEE56A1}.Release|Mixed Platforms.ActiveCfg = Release|Any CPU
		{7CBBEA34-FF6E-4B80-9C5D-CC9ACEEE56A1}.Release|Mixed Platforms.Build.0 = Release|Any CPU
		{7CBBEA34-FF6E-4B80-9C5D-CC9ACEEE56A1}.Release|x86.ActiveCfg = Release|Any CPU
		{C27F66DE-5FA5-4E4A-8FCF-D6928AEABC0F}.Debug|Any CPU.ActiveCfg = Debug|Any CPU
		{C27F66DE-5FA5-4E4A-8FCF-D6928AEABC0F}.Debug|Any CPU.Build.0 = Debug|Any CPU
		{C27F66DE-5FA5-4E4A-8FCF-D6928AEABC0F}.Debug|Mixed Platforms.ActiveCfg = Debug|Any CPU
		{C27F66DE-5FA5-4E4A-8FCF-D6928AEABC0F}.Debug|Mixed Platforms.Build.0 = Debug|Any CPU
		{C27F66DE-5FA5-4E4A-8FCF-D6928AEABC0F}.Debug|x86.ActiveCfg = Debug|Any CPU
		{C27F66DE-5FA5-4E4A-8FCF-D6928AEABC0F}.Release|Any CPU.ActiveCfg = Release|Any CPU
		{C27F66DE-5FA5-4E4A-8FCF-D6928AEABC0F}.Release|Any CPU.Build.0 = Release|Any CPU
		{C27F66DE-5FA5-4E4A-8FCF-D6928AEABC0F}.Release|Mixed Platforms.ActiveCfg = Release|Any CPU
		{C27F66DE-5FA5-4E4A-8FCF-D6928AEABC0F}.Release|Mixed Platforms.Build.0 = Release|Any CPU
		{C27F66DE-5FA5-4E4A-8FCF-D6928AEABC0F}.Release|x86.ActiveCfg = Release|Any CPU
		{946AA71A-AB60-4692-81EE-4AE2D02B176C}.Debug|Any CPU.ActiveCfg = Debug|Any CPU
		{946AA71A-AB60-4692-81EE-4AE2D02B176C}.Debug|Any CPU.Build.0 = Debug|Any CPU
		{946AA71A-AB60-4692-81EE-4AE2D02B176C}.Debug|Mixed Platforms.ActiveCfg = Debug|Any CPU
		{946AA71A-AB60-4692-81EE-4AE2D02B176C}.Debug|Mixed Platforms.Build.0 = Debug|Any CPU
		{946AA71A-AB60-4692-81EE-4AE2D02B176C}.Debug|x86.ActiveCfg = Debug|Any CPU
		{946AA71A-AB60-4692-81EE-4AE2D02B176C}.Release|Any CPU.ActiveCfg = Release|Any CPU
		{946AA71A-AB60-4692-81EE-4AE2D02B176C}.Release|Any CPU.Build.0 = Release|Any CPU
		{946AA71A-AB60-4692-81EE-4AE2D02B176C}.Release|Mixed Platforms.ActiveCfg = Release|Any CPU
		{946AA71A-AB60-4692-81EE-4AE2D02B176C}.Release|Mixed Platforms.Build.0 = Release|Any CPU
		{946AA71A-AB60-4692-81EE-4AE2D02B176C}.Release|x86.ActiveCfg = Release|Any CPU
		{C547C9A9-F57A-4317-8FC7-9907099CBBA5}.Debug|Any CPU.ActiveCfg = Debug|Any CPU
		{C547C9A9-F57A-4317-8FC7-9907099CBBA5}.Debug|Any CPU.Build.0 = Debug|Any CPU
		{C547C9A9-F57A-4317-8FC7-9907099CBBA5}.Debug|Mixed Platforms.ActiveCfg = Debug|Any CPU
		{C547C9A9-F57A-4317-8FC7-9907099CBBA5}.Debug|Mixed Platforms.Build.0 = Debug|Any CPU
		{C547C9A9-F57A-4317-8FC7-9907099CBBA5}.Debug|x86.ActiveCfg = Debug|Any CPU
		{C547C9A9-F57A-4317-8FC7-9907099CBBA5}.Release|Any CPU.ActiveCfg = Release|Any CPU
		{C547C9A9-F57A-4317-8FC7-9907099CBBA5}.Release|Any CPU.Build.0 = Release|Any CPU
		{C547C9A9-F57A-4317-8FC7-9907099CBBA5}.Release|Mixed Platforms.ActiveCfg = Release|Any CPU
		{C547C9A9-F57A-4317-8FC7-9907099CBBA5}.Release|Mixed Platforms.Build.0 = Release|Any CPU
		{C547C9A9-F57A-4317-8FC7-9907099CBBA5}.Release|x86.ActiveCfg = Release|Any CPU
		{4789EDFB-3830-45F1-BA1E-D1CF0073F67D}.Debug|Any CPU.ActiveCfg = Debug|Any CPU
		{4789EDFB-3830-45F1-BA1E-D1CF0073F67D}.Debug|Any CPU.Build.0 = Debug|Any CPU
		{4789EDFB-3830-45F1-BA1E-D1CF0073F67D}.Debug|Mixed Platforms.ActiveCfg = Debug|Any CPU
		{4789EDFB-3830-45F1-BA1E-D1CF0073F67D}.Debug|Mixed Platforms.Build.0 = Debug|Any CPU
		{4789EDFB-3830-45F1-BA1E-D1CF0073F67D}.Debug|x86.ActiveCfg = Debug|Any CPU
		{4789EDFB-3830-45F1-BA1E-D1CF0073F67D}.Release|Any CPU.ActiveCfg = Release|Any CPU
		{4789EDFB-3830-45F1-BA1E-D1CF0073F67D}.Release|Any CPU.Build.0 = Release|Any CPU
		{4789EDFB-3830-45F1-BA1E-D1CF0073F67D}.Release|Mixed Platforms.ActiveCfg = Release|Any CPU
		{4789EDFB-3830-45F1-BA1E-D1CF0073F67D}.Release|Mixed Platforms.Build.0 = Release|Any CPU
		{4789EDFB-3830-45F1-BA1E-D1CF0073F67D}.Release|x86.ActiveCfg = Release|Any CPU
		{CD8F65AE-8444-475A-AACB-F2580B51231F}.Debug|Any CPU.ActiveCfg = Debug|Any CPU
		{CD8F65AE-8444-475A-AACB-F2580B51231F}.Debug|Any CPU.Build.0 = Debug|Any CPU
		{CD8F65AE-8444-475A-AACB-F2580B51231F}.Debug|Mixed Platforms.ActiveCfg = Debug|Any CPU
		{CD8F65AE-8444-475A-AACB-F2580B51231F}.Debug|Mixed Platforms.Build.0 = Debug|Any CPU
		{CD8F65AE-8444-475A-AACB-F2580B51231F}.Debug|x86.ActiveCfg = Debug|Any CPU
		{CD8F65AE-8444-475A-AACB-F2580B51231F}.Release|Any CPU.ActiveCfg = Release|Any CPU
		{CD8F65AE-8444-475A-AACB-F2580B51231F}.Release|Any CPU.Build.0 = Release|Any CPU
		{CD8F65AE-8444-475A-AACB-F2580B51231F}.Release|Mixed Platforms.ActiveCfg = Release|Any CPU
		{CD8F65AE-8444-475A-AACB-F2580B51231F}.Release|Mixed Platforms.Build.0 = Release|Any CPU
		{CD8F65AE-8444-475A-AACB-F2580B51231F}.Release|x86.ActiveCfg = Release|Any CPU
		{82D2CED6-F4EB-49FD-8894-4A1F4FF0A6B4}.Debug|Any CPU.ActiveCfg = Debug|Any CPU
		{82D2CED6-F4EB-49FD-8894-4A1F4FF0A6B4}.Debug|Any CPU.Build.0 = Debug|Any CPU
		{82D2CED6-F4EB-49FD-8894-4A1F4FF0A6B4}.Debug|Mixed Platforms.ActiveCfg = Debug|Any CPU
		{82D2CED6-F4EB-49FD-8894-4A1F4FF0A6B4}.Debug|Mixed Platforms.Build.0 = Debug|Any CPU
		{82D2CED6-F4EB-49FD-8894-4A1F4FF0A6B4}.Debug|x86.ActiveCfg = Debug|Any CPU
		{82D2CED6-F4EB-49FD-8894-4A1F4FF0A6B4}.Release|Any CPU.ActiveCfg = Release|Any CPU
		{82D2CED6-F4EB-49FD-8894-4A1F4FF0A6B4}.Release|Any CPU.Build.0 = Release|Any CPU
		{82D2CED6-F4EB-49FD-8894-4A1F4FF0A6B4}.Release|Mixed Platforms.ActiveCfg = Release|Any CPU
		{82D2CED6-F4EB-49FD-8894-4A1F4FF0A6B4}.Release|Mixed Platforms.Build.0 = Release|Any CPU
		{82D2CED6-F4EB-49FD-8894-4A1F4FF0A6B4}.Release|x86.ActiveCfg = Release|Any CPU
		{D9AC2743-1211-4453-8692-AC67B58F8DDA}.Debug|Any CPU.ActiveCfg = Debug|Any CPU
		{D9AC2743-1211-4453-8692-AC67B58F8DDA}.Debug|Any CPU.Build.0 = Debug|Any CPU
		{D9AC2743-1211-4453-8692-AC67B58F8DDA}.Debug|Mixed Platforms.ActiveCfg = Debug|Any CPU
		{D9AC2743-1211-4453-8692-AC67B58F8DDA}.Debug|Mixed Platforms.Build.0 = Debug|Any CPU
		{D9AC2743-1211-4453-8692-AC67B58F8DDA}.Debug|x86.ActiveCfg = Debug|Any CPU
		{D9AC2743-1211-4453-8692-AC67B58F8DDA}.Release|Any CPU.ActiveCfg = Release|Any CPU
		{D9AC2743-1211-4453-8692-AC67B58F8DDA}.Release|Any CPU.Build.0 = Release|Any CPU
		{D9AC2743-1211-4453-8692-AC67B58F8DDA}.Release|Mixed Platforms.ActiveCfg = Release|Any CPU
		{D9AC2743-1211-4453-8692-AC67B58F8DDA}.Release|Mixed Platforms.Build.0 = Release|Any CPU
		{D9AC2743-1211-4453-8692-AC67B58F8DDA}.Release|x86.ActiveCfg = Release|Any CPU
		{93BC7CEE-38B3-4E3F-84F2-33C02278FCA3}.Debug|Any CPU.ActiveCfg = Debug|Any CPU
		{93BC7CEE-38B3-4E3F-84F2-33C02278FCA3}.Debug|Any CPU.Build.0 = Debug|Any CPU
		{93BC7CEE-38B3-4E3F-84F2-33C02278FCA3}.Debug|Mixed Platforms.ActiveCfg = Debug|Any CPU
		{93BC7CEE-38B3-4E3F-84F2-33C02278FCA3}.Debug|Mixed Platforms.Build.0 = Debug|Any CPU
		{93BC7CEE-38B3-4E3F-84F2-33C02278FCA3}.Debug|x86.ActiveCfg = Debug|Any CPU
		{93BC7CEE-38B3-4E3F-84F2-33C02278FCA3}.Release|Any CPU.ActiveCfg = Release|Any CPU
		{93BC7CEE-38B3-4E3F-84F2-33C02278FCA3}.Release|Any CPU.Build.0 = Release|Any CPU
		{93BC7CEE-38B3-4E3F-84F2-33C02278FCA3}.Release|Mixed Platforms.ActiveCfg = Release|Any CPU
		{93BC7CEE-38B3-4E3F-84F2-33C02278FCA3}.Release|Mixed Platforms.Build.0 = Release|Any CPU
		{93BC7CEE-38B3-4E3F-84F2-33C02278FCA3}.Release|x86.ActiveCfg = Release|Any CPU
		{57A4F286-9431-4586-8AF5-0DE9C9FC169D}.Debug|Any CPU.ActiveCfg = Debug|Any CPU
		{57A4F286-9431-4586-8AF5-0DE9C9FC169D}.Debug|Any CPU.Build.0 = Debug|Any CPU
		{57A4F286-9431-4586-8AF5-0DE9C9FC169D}.Debug|Mixed Platforms.ActiveCfg = Debug|Any CPU
		{57A4F286-9431-4586-8AF5-0DE9C9FC169D}.Debug|Mixed Platforms.Build.0 = Debug|Any CPU
		{57A4F286-9431-4586-8AF5-0DE9C9FC169D}.Debug|x86.ActiveCfg = Debug|Any CPU
		{57A4F286-9431-4586-8AF5-0DE9C9FC169D}.Release|Any CPU.ActiveCfg = Release|Any CPU
		{57A4F286-9431-4586-8AF5-0DE9C9FC169D}.Release|Any CPU.Build.0 = Release|Any CPU
		{57A4F286-9431-4586-8AF5-0DE9C9FC169D}.Release|Mixed Platforms.ActiveCfg = Release|Any CPU
		{57A4F286-9431-4586-8AF5-0DE9C9FC169D}.Release|Mixed Platforms.Build.0 = Release|Any CPU
		{57A4F286-9431-4586-8AF5-0DE9C9FC169D}.Release|x86.ActiveCfg = Release|Any CPU
		{BCAD9914-232A-43B9-97F6-9B93FC8095CF}.Debug|Any CPU.ActiveCfg = Debug|Any CPU
		{BCAD9914-232A-43B9-97F6-9B93FC8095CF}.Debug|Any CPU.Build.0 = Debug|Any CPU
		{BCAD9914-232A-43B9-97F6-9B93FC8095CF}.Debug|Mixed Platforms.ActiveCfg = Debug|Any CPU
		{BCAD9914-232A-43B9-97F6-9B93FC8095CF}.Debug|Mixed Platforms.Build.0 = Debug|Any CPU
		{BCAD9914-232A-43B9-97F6-9B93FC8095CF}.Debug|x86.ActiveCfg = Debug|Any CPU
		{BCAD9914-232A-43B9-97F6-9B93FC8095CF}.Release|Any CPU.ActiveCfg = Release|Any CPU
		{BCAD9914-232A-43B9-97F6-9B93FC8095CF}.Release|Any CPU.Build.0 = Release|Any CPU
		{BCAD9914-232A-43B9-97F6-9B93FC8095CF}.Release|Mixed Platforms.ActiveCfg = Release|Any CPU
		{BCAD9914-232A-43B9-97F6-9B93FC8095CF}.Release|Mixed Platforms.Build.0 = Release|Any CPU
		{BCAD9914-232A-43B9-97F6-9B93FC8095CF}.Release|x86.ActiveCfg = Release|Any CPU
		{CD945B2F-5F18-4120-B894-759CB2BAABB8}.Debug|Any CPU.ActiveCfg = Debug|Any CPU
		{CD945B2F-5F18-4120-B894-759CB2BAABB8}.Debug|Any CPU.Build.0 = Debug|Any CPU
		{CD945B2F-5F18-4120-B894-759CB2BAABB8}.Debug|Mixed Platforms.ActiveCfg = Debug|Any CPU
		{CD945B2F-5F18-4120-B894-759CB2BAABB8}.Debug|Mixed Platforms.Build.0 = Debug|Any CPU
		{CD945B2F-5F18-4120-B894-759CB2BAABB8}.Debug|x86.ActiveCfg = Debug|Any CPU
		{CD945B2F-5F18-4120-B894-759CB2BAABB8}.Release|Any CPU.ActiveCfg = Release|Any CPU
		{CD945B2F-5F18-4120-B894-759CB2BAABB8}.Release|Any CPU.Build.0 = Release|Any CPU
		{CD945B2F-5F18-4120-B894-759CB2BAABB8}.Release|Mixed Platforms.ActiveCfg = Release|Any CPU
		{CD945B2F-5F18-4120-B894-759CB2BAABB8}.Release|Mixed Platforms.Build.0 = Release|Any CPU
		{CD945B2F-5F18-4120-B894-759CB2BAABB8}.Release|x86.ActiveCfg = Release|Any CPU
		{0614FEE5-1BA2-4A3C-9550-027061F676AA}.Debug|Any CPU.ActiveCfg = Debug|Any CPU
		{0614FEE5-1BA2-4A3C-9550-027061F676AA}.Debug|Any CPU.Build.0 = Debug|Any CPU
		{0614FEE5-1BA2-4A3C-9550-027061F676AA}.Debug|Mixed Platforms.ActiveCfg = Debug|Any CPU
		{0614FEE5-1BA2-4A3C-9550-027061F676AA}.Debug|Mixed Platforms.Build.0 = Debug|Any CPU
		{0614FEE5-1BA2-4A3C-9550-027061F676AA}.Debug|x86.ActiveCfg = Debug|Any CPU
		{0614FEE5-1BA2-4A3C-9550-027061F676AA}.Release|Any CPU.ActiveCfg = Release|Any CPU
		{0614FEE5-1BA2-4A3C-9550-027061F676AA}.Release|Any CPU.Build.0 = Release|Any CPU
		{0614FEE5-1BA2-4A3C-9550-027061F676AA}.Release|Mixed Platforms.ActiveCfg = Release|Any CPU
		{0614FEE5-1BA2-4A3C-9550-027061F676AA}.Release|Mixed Platforms.Build.0 = Release|Any CPU
		{0614FEE5-1BA2-4A3C-9550-027061F676AA}.Release|x86.ActiveCfg = Release|Any CPU
		{D4461A40-A032-4EC8-A557-F40A0089141B}.Debug|Any CPU.ActiveCfg = Debug|Any CPU
		{D4461A40-A032-4EC8-A557-F40A0089141B}.Debug|Any CPU.Build.0 = Debug|Any CPU
		{D4461A40-A032-4EC8-A557-F40A0089141B}.Debug|Mixed Platforms.ActiveCfg = Debug|Any CPU
		{D4461A40-A032-4EC8-A557-F40A0089141B}.Debug|Mixed Platforms.Build.0 = Debug|Any CPU
		{D4461A40-A032-4EC8-A557-F40A0089141B}.Debug|x86.ActiveCfg = Debug|Any CPU
		{D4461A40-A032-4EC8-A557-F40A0089141B}.Release|Any CPU.ActiveCfg = Release|Any CPU
		{D4461A40-A032-4EC8-A557-F40A0089141B}.Release|Any CPU.Build.0 = Release|Any CPU
		{D4461A40-A032-4EC8-A557-F40A0089141B}.Release|Mixed Platforms.ActiveCfg = Release|Any CPU
		{D4461A40-A032-4EC8-A557-F40A0089141B}.Release|Mixed Platforms.Build.0 = Release|Any CPU
		{D4461A40-A032-4EC8-A557-F40A0089141B}.Release|x86.ActiveCfg = Release|Any CPU
		{CE710D1E-194E-4C1C-B0DD-7CBBCCB8FA4B}.Debug|Any CPU.ActiveCfg = Debug|Any CPU
		{CE710D1E-194E-4C1C-B0DD-7CBBCCB8FA4B}.Debug|Any CPU.Build.0 = Debug|Any CPU
		{CE710D1E-194E-4C1C-B0DD-7CBBCCB8FA4B}.Debug|Mixed Platforms.ActiveCfg = Debug|Any CPU
		{CE710D1E-194E-4C1C-B0DD-7CBBCCB8FA4B}.Debug|Mixed Platforms.Build.0 = Debug|Any CPU
		{CE710D1E-194E-4C1C-B0DD-7CBBCCB8FA4B}.Debug|x86.ActiveCfg = Debug|Any CPU
		{CE710D1E-194E-4C1C-B0DD-7CBBCCB8FA4B}.Release|Any CPU.ActiveCfg = Release|Any CPU
		{CE710D1E-194E-4C1C-B0DD-7CBBCCB8FA4B}.Release|Any CPU.Build.0 = Release|Any CPU
		{CE710D1E-194E-4C1C-B0DD-7CBBCCB8FA4B}.Release|Mixed Platforms.ActiveCfg = Release|Any CPU
		{CE710D1E-194E-4C1C-B0DD-7CBBCCB8FA4B}.Release|Mixed Platforms.Build.0 = Release|Any CPU
		{CE710D1E-194E-4C1C-B0DD-7CBBCCB8FA4B}.Release|x86.ActiveCfg = Release|Any CPU
		{5DA8247E-FC5F-461D-9C67-735447C09C1F}.Debug|Any CPU.ActiveCfg = Debug|Any CPU
		{5DA8247E-FC5F-461D-9C67-735447C09C1F}.Debug|Any CPU.Build.0 = Debug|Any CPU
		{5DA8247E-FC5F-461D-9C67-735447C09C1F}.Debug|Mixed Platforms.ActiveCfg = Debug|Any CPU
		{5DA8247E-FC5F-461D-9C67-735447C09C1F}.Debug|Mixed Platforms.Build.0 = Debug|Any CPU
		{5DA8247E-FC5F-461D-9C67-735447C09C1F}.Debug|x86.ActiveCfg = Debug|Any CPU
		{5DA8247E-FC5F-461D-9C67-735447C09C1F}.Release|Any CPU.ActiveCfg = Release|Any CPU
		{5DA8247E-FC5F-461D-9C67-735447C09C1F}.Release|Any CPU.Build.0 = Release|Any CPU
		{5DA8247E-FC5F-461D-9C67-735447C09C1F}.Release|Mixed Platforms.ActiveCfg = Release|Any CPU
		{5DA8247E-FC5F-461D-9C67-735447C09C1F}.Release|Mixed Platforms.Build.0 = Release|Any CPU
		{5DA8247E-FC5F-461D-9C67-735447C09C1F}.Release|x86.ActiveCfg = Release|Any CPU
		{0CFF8BC0-AE73-4532-AE79-923EC80F0B60}.Debug|Any CPU.ActiveCfg = Debug|Any CPU
		{0CFF8BC0-AE73-4532-AE79-923EC80F0B60}.Debug|Any CPU.Build.0 = Debug|Any CPU
		{0CFF8BC0-AE73-4532-AE79-923EC80F0B60}.Debug|Mixed Platforms.ActiveCfg = Debug|Any CPU
		{0CFF8BC0-AE73-4532-AE79-923EC80F0B60}.Debug|Mixed Platforms.Build.0 = Debug|Any CPU
		{0CFF8BC0-AE73-4532-AE79-923EC80F0B60}.Debug|x86.ActiveCfg = Debug|Any CPU
		{0CFF8BC0-AE73-4532-AE79-923EC80F0B60}.Release|Any CPU.ActiveCfg = Release|Any CPU
		{0CFF8BC0-AE73-4532-AE79-923EC80F0B60}.Release|Any CPU.Build.0 = Release|Any CPU
		{0CFF8BC0-AE73-4532-AE79-923EC80F0B60}.Release|Mixed Platforms.ActiveCfg = Release|Any CPU
		{0CFF8BC0-AE73-4532-AE79-923EC80F0B60}.Release|Mixed Platforms.Build.0 = Release|Any CPU
		{0CFF8BC0-AE73-4532-AE79-923EC80F0B60}.Release|x86.ActiveCfg = Release|Any CPU
		{19302F68-9C61-4AD2-A8A8-A23A2FF04B18}.Debug|Any CPU.ActiveCfg = Debug|Any CPU
		{19302F68-9C61-4AD2-A8A8-A23A2FF04B18}.Debug|Any CPU.Build.0 = Debug|Any CPU
		{19302F68-9C61-4AD2-A8A8-A23A2FF04B18}.Debug|Mixed Platforms.ActiveCfg = Debug|Any CPU
		{19302F68-9C61-4AD2-A8A8-A23A2FF04B18}.Debug|Mixed Platforms.Build.0 = Debug|Any CPU
		{19302F68-9C61-4AD2-A8A8-A23A2FF04B18}.Debug|x86.ActiveCfg = Debug|Any CPU
		{19302F68-9C61-4AD2-A8A8-A23A2FF04B18}.Release|Any CPU.ActiveCfg = Release|Any CPU
		{19302F68-9C61-4AD2-A8A8-A23A2FF04B18}.Release|Any CPU.Build.0 = Release|Any CPU
		{19302F68-9C61-4AD2-A8A8-A23A2FF04B18}.Release|Mixed Platforms.ActiveCfg = Release|Any CPU
		{19302F68-9C61-4AD2-A8A8-A23A2FF04B18}.Release|Mixed Platforms.Build.0 = Release|Any CPU
		{19302F68-9C61-4AD2-A8A8-A23A2FF04B18}.Release|x86.ActiveCfg = Release|Any CPU
		{2EB0D57A-27F7-4C5F-A542-DD2CE053E2C5}.Debug|Any CPU.ActiveCfg = Debug|Any CPU
		{2EB0D57A-27F7-4C5F-A542-DD2CE053E2C5}.Debug|Any CPU.Build.0 = Debug|Any CPU
		{2EB0D57A-27F7-4C5F-A542-DD2CE053E2C5}.Debug|Mixed Platforms.ActiveCfg = Debug|Any CPU
		{2EB0D57A-27F7-4C5F-A542-DD2CE053E2C5}.Debug|Mixed Platforms.Build.0 = Debug|Any CPU
		{2EB0D57A-27F7-4C5F-A542-DD2CE053E2C5}.Debug|x86.ActiveCfg = Debug|Any CPU
		{2EB0D57A-27F7-4C5F-A542-DD2CE053E2C5}.Release|Any CPU.ActiveCfg = Release|Any CPU
		{2EB0D57A-27F7-4C5F-A542-DD2CE053E2C5}.Release|Any CPU.Build.0 = Release|Any CPU
		{2EB0D57A-27F7-4C5F-A542-DD2CE053E2C5}.Release|Mixed Platforms.ActiveCfg = Release|Any CPU
		{2EB0D57A-27F7-4C5F-A542-DD2CE053E2C5}.Release|Mixed Platforms.Build.0 = Release|Any CPU
		{2EB0D57A-27F7-4C5F-A542-DD2CE053E2C5}.Release|x86.ActiveCfg = Release|Any CPU
		{D5416647-E251-4B3F-B821-833C106B0353}.Debug|Any CPU.ActiveCfg = Debug|Any CPU
		{D5416647-E251-4B3F-B821-833C106B0353}.Debug|Any CPU.Build.0 = Debug|Any CPU
		{D5416647-E251-4B3F-B821-833C106B0353}.Debug|Mixed Platforms.ActiveCfg = Debug|Any CPU
		{D5416647-E251-4B3F-B821-833C106B0353}.Debug|Mixed Platforms.Build.0 = Debug|Any CPU
		{D5416647-E251-4B3F-B821-833C106B0353}.Debug|x86.ActiveCfg = Debug|Any CPU
		{D5416647-E251-4B3F-B821-833C106B0353}.Release|Any CPU.ActiveCfg = Release|Any CPU
		{D5416647-E251-4B3F-B821-833C106B0353}.Release|Any CPU.Build.0 = Release|Any CPU
		{D5416647-E251-4B3F-B821-833C106B0353}.Release|Mixed Platforms.ActiveCfg = Release|Any CPU
		{D5416647-E251-4B3F-B821-833C106B0353}.Release|Mixed Platforms.Build.0 = Release|Any CPU
		{D5416647-E251-4B3F-B821-833C106B0353}.Release|x86.ActiveCfg = Release|Any CPU
		{5ABED683-B746-4769-9384-01C3D88BB72D}.Debug|Any CPU.ActiveCfg = Debug|Any CPU
		{5ABED683-B746-4769-9384-01C3D88BB72D}.Debug|Any CPU.Build.0 = Debug|Any CPU
		{5ABED683-B746-4769-9384-01C3D88BB72D}.Debug|Mixed Platforms.ActiveCfg = Debug|Any CPU
		{5ABED683-B746-4769-9384-01C3D88BB72D}.Debug|Mixed Platforms.Build.0 = Debug|Any CPU
		{5ABED683-B746-4769-9384-01C3D88BB72D}.Debug|x86.ActiveCfg = Debug|Any CPU
		{5ABED683-B746-4769-9384-01C3D88BB72D}.Release|Any CPU.ActiveCfg = Release|Any CPU
		{5ABED683-B746-4769-9384-01C3D88BB72D}.Release|Any CPU.Build.0 = Release|Any CPU
		{5ABED683-B746-4769-9384-01C3D88BB72D}.Release|Mixed Platforms.ActiveCfg = Release|Any CPU
		{5ABED683-B746-4769-9384-01C3D88BB72D}.Release|Mixed Platforms.Build.0 = Release|Any CPU
		{5ABED683-B746-4769-9384-01C3D88BB72D}.Release|x86.ActiveCfg = Release|Any CPU
		{1B53EBF7-B564-480A-9767-8569BC39757C}.Debug|Any CPU.ActiveCfg = Debug|Any CPU
		{1B53EBF7-B564-480A-9767-8569BC39757C}.Debug|Any CPU.Build.0 = Debug|Any CPU
		{1B53EBF7-B564-480A-9767-8569BC39757C}.Debug|Mixed Platforms.ActiveCfg = Debug|Any CPU
		{1B53EBF7-B564-480A-9767-8569BC39757C}.Debug|Mixed Platforms.Build.0 = Debug|Any CPU
		{1B53EBF7-B564-480A-9767-8569BC39757C}.Debug|x86.ActiveCfg = Debug|Any CPU
		{1B53EBF7-B564-480A-9767-8569BC39757C}.Release|Any CPU.ActiveCfg = Release|Any CPU
		{1B53EBF7-B564-480A-9767-8569BC39757C}.Release|Any CPU.Build.0 = Release|Any CPU
		{1B53EBF7-B564-480A-9767-8569BC39757C}.Release|Mixed Platforms.ActiveCfg = Release|Any CPU
		{1B53EBF7-B564-480A-9767-8569BC39757C}.Release|Mixed Platforms.Build.0 = Release|Any CPU
		{1B53EBF7-B564-480A-9767-8569BC39757C}.Release|x86.ActiveCfg = Release|Any CPU
		{E082F4D8-8224-420F-AF0B-656254B20EB6}.Debug|Any CPU.ActiveCfg = Debug|Any CPU
		{E082F4D8-8224-420F-AF0B-656254B20EB6}.Debug|Any CPU.Build.0 = Debug|Any CPU
		{E082F4D8-8224-420F-AF0B-656254B20EB6}.Debug|Mixed Platforms.ActiveCfg = Debug|Any CPU
		{E082F4D8-8224-420F-AF0B-656254B20EB6}.Debug|Mixed Platforms.Build.0 = Debug|Any CPU
		{E082F4D8-8224-420F-AF0B-656254B20EB6}.Debug|x86.ActiveCfg = Debug|Any CPU
		{E082F4D8-8224-420F-AF0B-656254B20EB6}.Release|Any CPU.ActiveCfg = Release|Any CPU
		{E082F4D8-8224-420F-AF0B-656254B20EB6}.Release|Any CPU.Build.0 = Release|Any CPU
		{E082F4D8-8224-420F-AF0B-656254B20EB6}.Release|Mixed Platforms.ActiveCfg = Release|Any CPU
		{E082F4D8-8224-420F-AF0B-656254B20EB6}.Release|Mixed Platforms.Build.0 = Release|Any CPU
		{E082F4D8-8224-420F-AF0B-656254B20EB6}.Release|x86.ActiveCfg = Release|Any CPU
		{1A76F3DA-DD58-4C5D-BFC4-4EF7794562E0}.Debug|Any CPU.ActiveCfg = Debug|Any CPU
		{1A76F3DA-DD58-4C5D-BFC4-4EF7794562E0}.Debug|Any CPU.Build.0 = Debug|Any CPU
		{1A76F3DA-DD58-4C5D-BFC4-4EF7794562E0}.Debug|Mixed Platforms.ActiveCfg = Debug|Any CPU
		{1A76F3DA-DD58-4C5D-BFC4-4EF7794562E0}.Debug|Mixed Platforms.Build.0 = Debug|Any CPU
		{1A76F3DA-DD58-4C5D-BFC4-4EF7794562E0}.Debug|x86.ActiveCfg = Debug|Any CPU
		{1A76F3DA-DD58-4C5D-BFC4-4EF7794562E0}.Release|Any CPU.ActiveCfg = Release|Any CPU
		{1A76F3DA-DD58-4C5D-BFC4-4EF7794562E0}.Release|Any CPU.Build.0 = Release|Any CPU
		{1A76F3DA-DD58-4C5D-BFC4-4EF7794562E0}.Release|Mixed Platforms.ActiveCfg = Release|Any CPU
		{1A76F3DA-DD58-4C5D-BFC4-4EF7794562E0}.Release|Mixed Platforms.Build.0 = Release|Any CPU
		{1A76F3DA-DD58-4C5D-BFC4-4EF7794562E0}.Release|x86.ActiveCfg = Release|Any CPU
		{4F181D5C-4735-4C5E-AF59-FD0BE1A2CBAC}.Debug|Any CPU.ActiveCfg = Debug|Any CPU
		{4F181D5C-4735-4C5E-AF59-FD0BE1A2CBAC}.Debug|Any CPU.Build.0 = Debug|Any CPU
		{4F181D5C-4735-4C5E-AF59-FD0BE1A2CBAC}.Debug|Mixed Platforms.ActiveCfg = Debug|Any CPU
		{4F181D5C-4735-4C5E-AF59-FD0BE1A2CBAC}.Debug|Mixed Platforms.Build.0 = Debug|Any CPU
		{4F181D5C-4735-4C5E-AF59-FD0BE1A2CBAC}.Debug|x86.ActiveCfg = Debug|Any CPU
		{4F181D5C-4735-4C5E-AF59-FD0BE1A2CBAC}.Release|Any CPU.ActiveCfg = Release|Any CPU
		{4F181D5C-4735-4C5E-AF59-FD0BE1A2CBAC}.Release|Any CPU.Build.0 = Release|Any CPU
		{4F181D5C-4735-4C5E-AF59-FD0BE1A2CBAC}.Release|Mixed Platforms.ActiveCfg = Release|Any CPU
		{4F181D5C-4735-4C5E-AF59-FD0BE1A2CBAC}.Release|Mixed Platforms.Build.0 = Release|Any CPU
		{4F181D5C-4735-4C5E-AF59-FD0BE1A2CBAC}.Release|x86.ActiveCfg = Release|Any CPU
		{EE185E05-6E6F-4C36-97DD-9B3536104F7D}.Debug|Any CPU.ActiveCfg = Debug|Any CPU
		{EE185E05-6E6F-4C36-97DD-9B3536104F7D}.Debug|Any CPU.Build.0 = Debug|Any CPU
		{EE185E05-6E6F-4C36-97DD-9B3536104F7D}.Debug|Mixed Platforms.ActiveCfg = Debug|Any CPU
		{EE185E05-6E6F-4C36-97DD-9B3536104F7D}.Debug|Mixed Platforms.Build.0 = Debug|Any CPU
		{EE185E05-6E6F-4C36-97DD-9B3536104F7D}.Debug|x86.ActiveCfg = Debug|Any CPU
		{EE185E05-6E6F-4C36-97DD-9B3536104F7D}.Release|Any CPU.ActiveCfg = Release|Any CPU
		{EE185E05-6E6F-4C36-97DD-9B3536104F7D}.Release|Any CPU.Build.0 = Release|Any CPU
		{EE185E05-6E6F-4C36-97DD-9B3536104F7D}.Release|Mixed Platforms.ActiveCfg = Release|Any CPU
		{EE185E05-6E6F-4C36-97DD-9B3536104F7D}.Release|Mixed Platforms.Build.0 = Release|Any CPU
		{EE185E05-6E6F-4C36-97DD-9B3536104F7D}.Release|x86.ActiveCfg = Release|Any CPU
		{2C57F89F-E193-485A-A041-3C84DE3BCCE7}.Debug|Any CPU.ActiveCfg = Debug|Any CPU
		{2C57F89F-E193-485A-A041-3C84DE3BCCE7}.Debug|Any CPU.Build.0 = Debug|Any CPU
		{2C57F89F-E193-485A-A041-3C84DE3BCCE7}.Debug|Mixed Platforms.ActiveCfg = Debug|Any CPU
		{2C57F89F-E193-485A-A041-3C84DE3BCCE7}.Debug|Mixed Platforms.Build.0 = Debug|Any CPU
		{2C57F89F-E193-485A-A041-3C84DE3BCCE7}.Debug|x86.ActiveCfg = Debug|Any CPU
		{2C57F89F-E193-485A-A041-3C84DE3BCCE7}.Release|Any CPU.ActiveCfg = Release|Any CPU
		{2C57F89F-E193-485A-A041-3C84DE3BCCE7}.Release|Any CPU.Build.0 = Release|Any CPU
		{2C57F89F-E193-485A-A041-3C84DE3BCCE7}.Release|Mixed Platforms.ActiveCfg = Release|Any CPU
		{2C57F89F-E193-485A-A041-3C84DE3BCCE7}.Release|Mixed Platforms.Build.0 = Release|Any CPU
		{2C57F89F-E193-485A-A041-3C84DE3BCCE7}.Release|x86.ActiveCfg = Release|Any CPU
		{0A0EDA18-C473-4022-9F0A-42E30F79185B}.Debug|Any CPU.ActiveCfg = Debug|Any CPU
		{0A0EDA18-C473-4022-9F0A-42E30F79185B}.Debug|Any CPU.Build.0 = Debug|Any CPU
		{0A0EDA18-C473-4022-9F0A-42E30F79185B}.Debug|Mixed Platforms.ActiveCfg = Debug|Any CPU
		{0A0EDA18-C473-4022-9F0A-42E30F79185B}.Debug|Mixed Platforms.Build.0 = Debug|Any CPU
		{0A0EDA18-C473-4022-9F0A-42E30F79185B}.Debug|x86.ActiveCfg = Debug|Any CPU
		{0A0EDA18-C473-4022-9F0A-42E30F79185B}.Release|Any CPU.ActiveCfg = Release|Any CPU
		{0A0EDA18-C473-4022-9F0A-42E30F79185B}.Release|Any CPU.Build.0 = Release|Any CPU
		{0A0EDA18-C473-4022-9F0A-42E30F79185B}.Release|Mixed Platforms.ActiveCfg = Release|Any CPU
		{0A0EDA18-C473-4022-9F0A-42E30F79185B}.Release|Mixed Platforms.Build.0 = Release|Any CPU
		{0A0EDA18-C473-4022-9F0A-42E30F79185B}.Release|x86.ActiveCfg = Release|Any CPU
		{D807943E-E2D9-453C-BAA8-216EDADCC0E2}.Debug|Any CPU.ActiveCfg = Debug|Any CPU
		{D807943E-E2D9-453C-BAA8-216EDADCC0E2}.Debug|Any CPU.Build.0 = Debug|Any CPU
		{D807943E-E2D9-453C-BAA8-216EDADCC0E2}.Debug|Mixed Platforms.ActiveCfg = Debug|Any CPU
		{D807943E-E2D9-453C-BAA8-216EDADCC0E2}.Debug|Mixed Platforms.Build.0 = Debug|Any CPU
		{D807943E-E2D9-453C-BAA8-216EDADCC0E2}.Debug|x86.ActiveCfg = Debug|Any CPU
		{D807943E-E2D9-453C-BAA8-216EDADCC0E2}.Release|Any CPU.ActiveCfg = Release|Any CPU
		{D807943E-E2D9-453C-BAA8-216EDADCC0E2}.Release|Any CPU.Build.0 = Release|Any CPU
		{D807943E-E2D9-453C-BAA8-216EDADCC0E2}.Release|Mixed Platforms.ActiveCfg = Release|Any CPU
		{D807943E-E2D9-453C-BAA8-216EDADCC0E2}.Release|Mixed Platforms.Build.0 = Release|Any CPU
		{D807943E-E2D9-453C-BAA8-216EDADCC0E2}.Release|x86.ActiveCfg = Release|Any CPU
		{CF67DFC2-23ED-4F3A-AB4E-11164DD25941}.Debug|Any CPU.ActiveCfg = Debug|Any CPU
		{CF67DFC2-23ED-4F3A-AB4E-11164DD25941}.Debug|Any CPU.Build.0 = Debug|Any CPU
		{CF67DFC2-23ED-4F3A-AB4E-11164DD25941}.Debug|Mixed Platforms.ActiveCfg = Debug|Any CPU
		{CF67DFC2-23ED-4F3A-AB4E-11164DD25941}.Debug|Mixed Platforms.Build.0 = Debug|Any CPU
		{CF67DFC2-23ED-4F3A-AB4E-11164DD25941}.Debug|x86.ActiveCfg = Debug|Any CPU
		{CF67DFC2-23ED-4F3A-AB4E-11164DD25941}.Release|Any CPU.ActiveCfg = Release|Any CPU
		{CF67DFC2-23ED-4F3A-AB4E-11164DD25941}.Release|Any CPU.Build.0 = Release|Any CPU
		{CF67DFC2-23ED-4F3A-AB4E-11164DD25941}.Release|Mixed Platforms.ActiveCfg = Release|Any CPU
		{CF67DFC2-23ED-4F3A-AB4E-11164DD25941}.Release|Mixed Platforms.Build.0 = Release|Any CPU
		{CF67DFC2-23ED-4F3A-AB4E-11164DD25941}.Release|x86.ActiveCfg = Release|Any CPU
		{C31EF975-05E7-4A2C-B5A7-A1F37B6BB8ED}.Debug|Any CPU.ActiveCfg = Debug|Any CPU
		{C31EF975-05E7-4A2C-B5A7-A1F37B6BB8ED}.Debug|Any CPU.Build.0 = Debug|Any CPU
		{C31EF975-05E7-4A2C-B5A7-A1F37B6BB8ED}.Debug|Mixed Platforms.ActiveCfg = Debug|Any CPU
		{C31EF975-05E7-4A2C-B5A7-A1F37B6BB8ED}.Debug|Mixed Platforms.Build.0 = Debug|Any CPU
		{C31EF975-05E7-4A2C-B5A7-A1F37B6BB8ED}.Debug|x86.ActiveCfg = Debug|Any CPU
		{C31EF975-05E7-4A2C-B5A7-A1F37B6BB8ED}.Release|Any CPU.ActiveCfg = Release|Any CPU
		{C31EF975-05E7-4A2C-B5A7-A1F37B6BB8ED}.Release|Any CPU.Build.0 = Release|Any CPU
		{C31EF975-05E7-4A2C-B5A7-A1F37B6BB8ED}.Release|Mixed Platforms.ActiveCfg = Release|Any CPU
		{C31EF975-05E7-4A2C-B5A7-A1F37B6BB8ED}.Release|Mixed Platforms.Build.0 = Release|Any CPU
		{C31EF975-05E7-4A2C-B5A7-A1F37B6BB8ED}.Release|x86.ActiveCfg = Release|Any CPU
		{B250979E-0B52-42AD-9008-2FF131491FB5}.Debug|Any CPU.ActiveCfg = Debug|Any CPU
		{B250979E-0B52-42AD-9008-2FF131491FB5}.Debug|Any CPU.Build.0 = Debug|Any CPU
		{B250979E-0B52-42AD-9008-2FF131491FB5}.Debug|Mixed Platforms.ActiveCfg = Debug|Any CPU
		{B250979E-0B52-42AD-9008-2FF131491FB5}.Debug|Mixed Platforms.Build.0 = Debug|Any CPU
		{B250979E-0B52-42AD-9008-2FF131491FB5}.Debug|x86.ActiveCfg = Debug|Any CPU
		{B250979E-0B52-42AD-9008-2FF131491FB5}.Debug|x86.Build.0 = Debug|Any CPU
		{B250979E-0B52-42AD-9008-2FF131491FB5}.Release|Any CPU.ActiveCfg = Release|Any CPU
		{B250979E-0B52-42AD-9008-2FF131491FB5}.Release|Any CPU.Build.0 = Release|Any CPU
		{B250979E-0B52-42AD-9008-2FF131491FB5}.Release|Mixed Platforms.ActiveCfg = Release|Any CPU
		{B250979E-0B52-42AD-9008-2FF131491FB5}.Release|Mixed Platforms.Build.0 = Release|Any CPU
		{B250979E-0B52-42AD-9008-2FF131491FB5}.Release|x86.ActiveCfg = Release|Any CPU
		{B250979E-0B52-42AD-9008-2FF131491FB5}.Release|x86.Build.0 = Release|Any CPU
		{F117819D-8948-4D58-A60C-3A13FEA2805E}.Debug|Any CPU.ActiveCfg = Debug|Any CPU
		{F117819D-8948-4D58-A60C-3A13FEA2805E}.Debug|Any CPU.Build.0 = Debug|Any CPU
		{F117819D-8948-4D58-A60C-3A13FEA2805E}.Debug|Mixed Platforms.ActiveCfg = Debug|Any CPU
		{F117819D-8948-4D58-A60C-3A13FEA2805E}.Debug|Mixed Platforms.Build.0 = Debug|Any CPU
		{F117819D-8948-4D58-A60C-3A13FEA2805E}.Debug|x86.ActiveCfg = Debug|Any CPU
		{F117819D-8948-4D58-A60C-3A13FEA2805E}.Release|Any CPU.ActiveCfg = Release|Any CPU
		{F117819D-8948-4D58-A60C-3A13FEA2805E}.Release|Any CPU.Build.0 = Release|Any CPU
		{F117819D-8948-4D58-A60C-3A13FEA2805E}.Release|Mixed Platforms.ActiveCfg = Release|Any CPU
		{F117819D-8948-4D58-A60C-3A13FEA2805E}.Release|Mixed Platforms.Build.0 = Release|Any CPU
		{F117819D-8948-4D58-A60C-3A13FEA2805E}.Release|x86.ActiveCfg = Release|Any CPU
		{56190144-0843-45E3-9D32-74F40436C33E}.Debug|Any CPU.ActiveCfg = Debug|Any CPU
		{56190144-0843-45E3-9D32-74F40436C33E}.Debug|Any CPU.Build.0 = Debug|Any CPU
		{56190144-0843-45E3-9D32-74F40436C33E}.Debug|Mixed Platforms.ActiveCfg = Debug|Any CPU
		{56190144-0843-45E3-9D32-74F40436C33E}.Debug|Mixed Platforms.Build.0 = Debug|Any CPU
		{56190144-0843-45E3-9D32-74F40436C33E}.Debug|x86.ActiveCfg = Debug|Any CPU
		{56190144-0843-45E3-9D32-74F40436C33E}.Release|Any CPU.ActiveCfg = Release|Any CPU
		{56190144-0843-45E3-9D32-74F40436C33E}.Release|Any CPU.Build.0 = Release|Any CPU
		{56190144-0843-45E3-9D32-74F40436C33E}.Release|Mixed Platforms.ActiveCfg = Release|Any CPU
		{56190144-0843-45E3-9D32-74F40436C33E}.Release|Mixed Platforms.Build.0 = Release|Any CPU
		{56190144-0843-45E3-9D32-74F40436C33E}.Release|x86.ActiveCfg = Release|Any CPU
		{1150F0B1-88E2-42CF-8708-5D5D6EFF2A53}.Debug|Any CPU.ActiveCfg = Debug|Any CPU
		{1150F0B1-88E2-42CF-8708-5D5D6EFF2A53}.Debug|Any CPU.Build.0 = Debug|Any CPU
		{1150F0B1-88E2-42CF-8708-5D5D6EFF2A53}.Debug|Mixed Platforms.ActiveCfg = Debug|Any CPU
		{1150F0B1-88E2-42CF-8708-5D5D6EFF2A53}.Debug|Mixed Platforms.Build.0 = Debug|Any CPU
		{1150F0B1-88E2-42CF-8708-5D5D6EFF2A53}.Debug|x86.ActiveCfg = Debug|Any CPU
		{1150F0B1-88E2-42CF-8708-5D5D6EFF2A53}.Release|Any CPU.ActiveCfg = Release|Any CPU
		{1150F0B1-88E2-42CF-8708-5D5D6EFF2A53}.Release|Any CPU.Build.0 = Release|Any CPU
		{1150F0B1-88E2-42CF-8708-5D5D6EFF2A53}.Release|Mixed Platforms.ActiveCfg = Release|Any CPU
		{1150F0B1-88E2-42CF-8708-5D5D6EFF2A53}.Release|Mixed Platforms.Build.0 = Release|Any CPU
		{1150F0B1-88E2-42CF-8708-5D5D6EFF2A53}.Release|x86.ActiveCfg = Release|Any CPU
		{294C252C-4867-445A-80E5-22BE21822CD0}.Debug|Any CPU.ActiveCfg = Debug|Any CPU
		{294C252C-4867-445A-80E5-22BE21822CD0}.Debug|Any CPU.Build.0 = Debug|Any CPU
		{294C252C-4867-445A-80E5-22BE21822CD0}.Debug|Mixed Platforms.ActiveCfg = Debug|Any CPU
		{294C252C-4867-445A-80E5-22BE21822CD0}.Debug|Mixed Platforms.Build.0 = Debug|Any CPU
		{294C252C-4867-445A-80E5-22BE21822CD0}.Debug|x86.ActiveCfg = Debug|Any CPU
		{294C252C-4867-445A-80E5-22BE21822CD0}.Debug|x86.Build.0 = Debug|Any CPU
		{294C252C-4867-445A-80E5-22BE21822CD0}.Release|Any CPU.ActiveCfg = Release|Any CPU
		{294C252C-4867-445A-80E5-22BE21822CD0}.Release|Any CPU.Build.0 = Release|Any CPU
		{294C252C-4867-445A-80E5-22BE21822CD0}.Release|Mixed Platforms.ActiveCfg = Release|Any CPU
		{294C252C-4867-445A-80E5-22BE21822CD0}.Release|Mixed Platforms.Build.0 = Release|Any CPU
		{294C252C-4867-445A-80E5-22BE21822CD0}.Release|x86.ActiveCfg = Release|Any CPU
		{294C252C-4867-445A-80E5-22BE21822CD0}.Release|x86.Build.0 = Release|Any CPU
	EndGlobalSection
	GlobalSection(SolutionProperties) = preSolution
		HideSolutionNode = FALSE
	EndGlobalSection
	GlobalSection(NestedProjects) = preSolution
		{222D6B2C-1224-44DB-A99F-EF4F3FED9782} = {4B5884B3-DF70-4E9B-B2AC-E538C73B982A}
		{C6FE88D5-936D-449F-A24C-CE006EBE3474} = {6E1E511D-9BAC-47B8-B8B6-D73AAB426DB4}
		{0E078A06-8E4B-40A8-8F0B-625E854452AD} = {4B5884B3-DF70-4E9B-B2AC-E538C73B982A}
		{B26FC559-FF34-42FE-BB98-2BFF855B3A2C} = {4B5884B3-DF70-4E9B-B2AC-E538C73B982A}
		{DE6758E5-4029-466B-841B-69C5DEEBB530} = {4B5884B3-DF70-4E9B-B2AC-E538C73B982A}
		{36A819BB-7F0A-408C-9E36-9BFEFDFD2278} = {6E1E511D-9BAC-47B8-B8B6-D73AAB426DB4}
		{23BD816C-1FCC-4E5A-BF77-5F77B2A27879} = {4B5884B3-DF70-4E9B-B2AC-E538C73B982A}
		{74D256C5-2789-457A-9587-CD95D54DAF88} = {6E1E511D-9BAC-47B8-B8B6-D73AAB426DB4}
		{D8CE84F3-5C1C-429A-9166-535DA8DA036B} = {4B5884B3-DF70-4E9B-B2AC-E538C73B982A}
		{567E7007-7B4A-499B-84D6-D11742B240A4} = {4B5884B3-DF70-4E9B-B2AC-E538C73B982A}
		{136752CE-91B9-4431-9A12-5868048B4985} = {6E1E511D-9BAC-47B8-B8B6-D73AAB426DB4}
		{44E4CF27-E99E-4DA2-B2F4-1769A3DE4244} = {7DBE5D81-A3F4-44E2-AB81-E237D9DCC17F}
		{E66AB35D-2B77-4001-9C68-5270C26BA431} = {6E1E511D-9BAC-47B8-B8B6-D73AAB426DB4}
		{33661185-E3F3-49CD-A66F-1C623C8CFF37} = {7DBE5D81-A3F4-44E2-AB81-E237D9DCC17F}
		{B6AD7173-3799-426C-8E3D-65807A35D234} = {7DBE5D81-A3F4-44E2-AB81-E237D9DCC17F}
		{67EA671D-3DB7-40D2-A397-25352D0AB5D2} = {7DBE5D81-A3F4-44E2-AB81-E237D9DCC17F}
		{D0967411-5978-4A61-B147-4F5C0E24854E} = {7DBE5D81-A3F4-44E2-AB81-E237D9DCC17F}
		{EE24067B-EAED-4C35-B0F8-A02F8FA514C1} = {7DBE5D81-A3F4-44E2-AB81-E237D9DCC17F}
		{FB73AFEF-311C-4953-8747-FA3BF503C8F9} = {7DBE5D81-A3F4-44E2-AB81-E237D9DCC17F}
		{7CBBEA34-FF6E-4B80-9C5D-CC9ACEEE56A1} = {7DBE5D81-A3F4-44E2-AB81-E237D9DCC17F}
		{C27F66DE-5FA5-4E4A-8FCF-D6928AEABC0F} = {6E1E511D-9BAC-47B8-B8B6-D73AAB426DB4}
		{946AA71A-AB60-4692-81EE-4AE2D02B176C} = {7DBE5D81-A3F4-44E2-AB81-E237D9DCC17F}
		{C547C9A9-F57A-4317-8FC7-9907099CBBA5} = {7DBE5D81-A3F4-44E2-AB81-E237D9DCC17F}
		{CD8F65AE-8444-475A-AACB-F2580B51231F} = {7DBE5D81-A3F4-44E2-AB81-E237D9DCC17F}
		{93BC7CEE-38B3-4E3F-84F2-33C02278FCA3} = {7DBE5D81-A3F4-44E2-AB81-E237D9DCC17F}
		{57A4F286-9431-4586-8AF5-0DE9C9FC169D} = {7DBE5D81-A3F4-44E2-AB81-E237D9DCC17F}
		{BCAD9914-232A-43B9-97F6-9B93FC8095CF} = {7DBE5D81-A3F4-44E2-AB81-E237D9DCC17F}
		{CD945B2F-5F18-4120-B894-759CB2BAABB8} = {7DBE5D81-A3F4-44E2-AB81-E237D9DCC17F}
		{0CFF8BC0-AE73-4532-AE79-923EC80F0B60} = {7DBE5D81-A3F4-44E2-AB81-E237D9DCC17F}
		{19302F68-9C61-4AD2-A8A8-A23A2FF04B18} = {7DBE5D81-A3F4-44E2-AB81-E237D9DCC17F}
		{2EB0D57A-27F7-4C5F-A542-DD2CE053E2C5} = {7DBE5D81-A3F4-44E2-AB81-E237D9DCC17F}
		{1B53EBF7-B564-480A-9767-8569BC39757C} = {7DBE5D81-A3F4-44E2-AB81-E237D9DCC17F}
		{E082F4D8-8224-420F-AF0B-656254B20EB6} = {7DBE5D81-A3F4-44E2-AB81-E237D9DCC17F}
		{1A76F3DA-DD58-4C5D-BFC4-4EF7794562E0} = {7DBE5D81-A3F4-44E2-AB81-E237D9DCC17F}
		{4F181D5C-4735-4C5E-AF59-FD0BE1A2CBAC} = {7DBE5D81-A3F4-44E2-AB81-E237D9DCC17F}
		{EE185E05-6E6F-4C36-97DD-9B3536104F7D} = {7DBE5D81-A3F4-44E2-AB81-E237D9DCC17F}
		{2C57F89F-E193-485A-A041-3C84DE3BCCE7} = {7DBE5D81-A3F4-44E2-AB81-E237D9DCC17F}
		{0A0EDA18-C473-4022-9F0A-42E30F79185B} = {7DBE5D81-A3F4-44E2-AB81-E237D9DCC17F}
		{D807943E-E2D9-453C-BAA8-216EDADCC0E2} = {7DBE5D81-A3F4-44E2-AB81-E237D9DCC17F}
		{CF67DFC2-23ED-4F3A-AB4E-11164DD25941} = {7DBE5D81-A3F4-44E2-AB81-E237D9DCC17F}
		{C31EF975-05E7-4A2C-B5A7-A1F37B6BB8ED} = {7DBE5D81-A3F4-44E2-AB81-E237D9DCC17F}
		{B250979E-0B52-42AD-9008-2FF131491FB5} = {6E1E511D-9BAC-47B8-B8B6-D73AAB426DB4}
		{F117819D-8948-4D58-A60C-3A13FEA2805E} = {7DBE5D81-A3F4-44E2-AB81-E237D9DCC17F}
		{56190144-0843-45E3-9D32-74F40436C33E} = {7DBE5D81-A3F4-44E2-AB81-E237D9DCC17F}
		{1150F0B1-88E2-42CF-8708-5D5D6EFF2A53} = {7DBE5D81-A3F4-44E2-AB81-E237D9DCC17F}
	EndGlobalSection
	GlobalSection(ExtensibilityGlobals) = postSolution
		SolutionGuid = {81CCF191-992A-420B-ABCB-9D9D9052D87F}
	EndGlobalSection
	GlobalSection(SubversionScc) = preSolution
		Svn-Managed = True
		Manager = AnkhSVN - Subversion Support for Visual Studio
	EndGlobalSection
	GlobalSection(DPCodeReviewSolutionGUID) = preSolution
		DPCodeReviewSolutionGUID = {00000000-0000-0000-0000-000000000000}
	EndGlobalSection
EndGlobal
