
Microsoft Visual Studio Solution File, Format Version 12.00
# Visual Studio 2013
VisualStudioVersion = 12.0.31101.0
MinimumVisualStudioVersion = 10.0.40219.1
Project("{FAE04EC0-301F-11D3-BF4B-00C04F79EFBC}") = "CTBC.WinExe.FTPupdown", "CTBC.WinExe.FTPupdown.csproj", "{2F434A31-C077-4A3A-BEF8-EE23E88780E4}"
EndProject
Global
	GlobalSection(SolutionConfigurationPlatforms) = preSolution
		Debug|Any CPU = Debug|Any CPU
		Release|Any CPU = Release|Any CPU
	EndGlobalSection
	GlobalSection(ProjectConfigurationPlatforms) = postSolution
		{2F434A31-C077-4A3A-BEF8-EE23E88780E4}.Debug|Any CPU.ActiveCfg = Debug|Any CPU
		{2F434A31-C077-4A3A-BEF8-EE23E88780E4}.Debug|Any CPU.Build.0 = Debug|Any CPU
		{2F434A31-C077-4A3A-BEF8-EE23E88780E4}.Release|Any CPU.ActiveCfg = Release|Any CPU
		{2F434A31-C077-4A3A-BEF8-EE23E88780E4}.Release|Any CPU.Build.0 = Release|Any CPU
	EndGlobalSection
	GlobalSection(SolutionProperties) = preSolution
		HideSolutionNode = FALSE
	EndGlobalSection
EndGlobal
